
Microsoft Visual Studio Solution File, Format Version 11.00
# Visual Studio 2010
Project("{FAE04EC0-301F-11D3-BF4B-00C04F79EFBC}") = "Protogame", "Protogame\Protogame.csproj", "{DF7D4601-0061-4329-9803-6917AF416B70}"
EndProject
Project("{FAE04EC0-301F-11D3-BF4B-00C04F79EFBC}") = "AStarPathFinder", "Libraries\AStarPathFinder\AStarPathFinder.csproj", "{74FD2B9A-7400-4487-9401-CC78855C739C}"
EndProject
Project("{FAE04EC0-301F-11D3-BF4B-00C04F79EFBC}") = "Protogame.Noise", "Protogame.Noise\Protogame.Noise.csproj", "{FE9A9DF1-16D8-4A24-8978-D4F2E540F039}"
EndProject
Project("{FAE04EC0-301F-11D3-BF4B-00C04F79EFBC}") = "Tychaia", "Tychaia\Tychaia.csproj", "{F2683D9D-E141-490E-B2AA-53461910AC9D}"
EndProject
Project("{FAE04EC0-301F-11D3-BF4B-00C04F79EFBC}") = "Tychaia.Content", "Tychaia.Content\Tychaia.Content.contentproj", "{71CB2FDC-897F-4E08-A793-E4201305B7DD}"
EndProject
Project("{FAE04EC0-301F-11D3-BF4B-00C04F79EFBC}") = "TychaiaWorldGenViewer", "TychaiaWorldGenViewer\TychaiaWorldGenViewer.csproj", "{EDCFB186-0C67-4771-8033-8572A0744B2C}"
EndProject
Project("{FAE04EC0-301F-11D3-BF4B-00C04F79EFBC}") = "Tychaia.ProceduralGeneration", "Tychaia.ProceduralGeneration\Tychaia.ProceduralGeneration.csproj", "{642D5815-4533-4146-96C1-D932FE1641F9}"
EndProject
Project("{2150E333-8FDC-42A3-9474-1A3956D46DE8}") = "Solution Items", "Solution Items", "{7AEE2A1E-060F-4DBE-B581-B9330379E002}"
EndProject
Project("{FAE04EC0-301F-11D3-BF4B-00C04F79EFBC}") = "FortuneVoronoi", "BenTools\FortuneVoronoi.csproj", "{DDF5D740-6EE1-44BA-9DB9-782BF23E28D6}"
EndProject
Project("{FAE04EC0-301F-11D3-BF4B-00C04F79EFBC}") = "Tychaia.Globals", "Tychaia.Globals\Tychaia.Globals.csproj", "{58F07D5A-E86E-4561-88E8-F96744D59157}"
EndProject
Project("{FAE04EC0-301F-11D3-BF4B-00C04F79EFBC}") = "Tychaia.Content.Extensions", "Tychaia.Content.Extensions\Tychaia.Content.Extensions.csproj", "{8ABBB640-E22B-4D70-87EF-FABC143F586A}"
EndProject
Project("{FAE04EC0-301F-11D3-BF4B-00C04F79EFBC}") = "Tychaia.Spells", "Tychaia.Spells\Tychaia.Spells.csproj", "{A628E3D9-F619-4832-B5D2-33AB8F0F712A}"
EndProject
Project("{FAE04EC0-301F-11D3-BF4B-00C04F79EFBC}") = "Tychaia.Spells.Test", "Tychaia.Spells.Test\Tychaia.Spells.Test.csproj", "{7BDF74AC-83B5-4A8D-8007-09E51A808B7A}"
EndProject
Global
	GlobalSection(SolutionConfigurationPlatforms) = preSolution
		Debug|Any CPU = Debug|Any CPU
		Debug|Mixed Platforms = Debug|Mixed Platforms
		Debug|x86 = Debug|x86
		Release|Any CPU = Release|Any CPU
		Release|Mixed Platforms = Release|Mixed Platforms
		Release|x86 = Release|x86
	EndGlobalSection
	GlobalSection(ProjectConfigurationPlatforms) = postSolution
		{DF7D4601-0061-4329-9803-6917AF416B70}.Debug|Any CPU.ActiveCfg = Debug|x86
		{DF7D4601-0061-4329-9803-6917AF416B70}.Debug|Any CPU.Build.0 = Debug|x86
		{DF7D4601-0061-4329-9803-6917AF416B70}.Debug|Mixed Platforms.ActiveCfg = Debug|Any CPU
		{DF7D4601-0061-4329-9803-6917AF416B70}.Debug|Mixed Platforms.Build.0 = Debug|Any CPU
		{DF7D4601-0061-4329-9803-6917AF416B70}.Debug|x86.ActiveCfg = Debug|x86
		{DF7D4601-0061-4329-9803-6917AF416B70}.Debug|x86.Build.0 = Debug|x86
		{DF7D4601-0061-4329-9803-6917AF416B70}.Release|Any CPU.ActiveCfg = Release|x86
		{DF7D4601-0061-4329-9803-6917AF416B70}.Release|Mixed Platforms.ActiveCfg = Release|Any CPU
		{DF7D4601-0061-4329-9803-6917AF416B70}.Release|Mixed Platforms.Build.0 = Release|Any CPU
		{DF7D4601-0061-4329-9803-6917AF416B70}.Release|x86.ActiveCfg = Release|x86
		{DF7D4601-0061-4329-9803-6917AF416B70}.Release|x86.Build.0 = Release|x86
		{74FD2B9A-7400-4487-9401-CC78855C739C}.Debug|Any CPU.ActiveCfg = Debug|Any CPU
		{74FD2B9A-7400-4487-9401-CC78855C739C}.Debug|Any CPU.Build.0 = Debug|Any CPU
		{74FD2B9A-7400-4487-9401-CC78855C739C}.Debug|Mixed Platforms.ActiveCfg = Debug|Any CPU
		{74FD2B9A-7400-4487-9401-CC78855C739C}.Debug|Mixed Platforms.Build.0 = Debug|Any CPU
		{74FD2B9A-7400-4487-9401-CC78855C739C}.Debug|x86.ActiveCfg = Debug|Any CPU
		{74FD2B9A-7400-4487-9401-CC78855C739C}.Release|Any CPU.ActiveCfg = Release|Any CPU
		{74FD2B9A-7400-4487-9401-CC78855C739C}.Release|Any CPU.Build.0 = Release|Any CPU
		{74FD2B9A-7400-4487-9401-CC78855C739C}.Release|Mixed Platforms.ActiveCfg = Release|Any CPU
		{74FD2B9A-7400-4487-9401-CC78855C739C}.Release|Mixed Platforms.Build.0 = Release|Any CPU
		{74FD2B9A-7400-4487-9401-CC78855C739C}.Release|x86.ActiveCfg = Release|Any CPU
		{FE9A9DF1-16D8-4A24-8978-D4F2E540F039}.Debug|Any CPU.ActiveCfg = Debug|Any CPU
		{FE9A9DF1-16D8-4A24-8978-D4F2E540F039}.Debug|Any CPU.Build.0 = Debug|Any CPU
		{FE9A9DF1-16D8-4A24-8978-D4F2E540F039}.Debug|Mixed Platforms.ActiveCfg = Debug|Any CPU
		{FE9A9DF1-16D8-4A24-8978-D4F2E540F039}.Debug|Mixed Platforms.Build.0 = Debug|Any CPU
		{FE9A9DF1-16D8-4A24-8978-D4F2E540F039}.Debug|x86.ActiveCfg = Debug|Any CPU
		{FE9A9DF1-16D8-4A24-8978-D4F2E540F039}.Release|Any CPU.ActiveCfg = Release|Any CPU
		{FE9A9DF1-16D8-4A24-8978-D4F2E540F039}.Release|Any CPU.Build.0 = Release|Any CPU
		{FE9A9DF1-16D8-4A24-8978-D4F2E540F039}.Release|Mixed Platforms.ActiveCfg = Release|Any CPU
		{FE9A9DF1-16D8-4A24-8978-D4F2E540F039}.Release|Mixed Platforms.Build.0 = Release|Any CPU
		{FE9A9DF1-16D8-4A24-8978-D4F2E540F039}.Release|x86.ActiveCfg = Release|Any CPU
		{F2683D9D-E141-490E-B2AA-53461910AC9D}.Debug|Any CPU.ActiveCfg = Debug|x86
		{F2683D9D-E141-490E-B2AA-53461910AC9D}.Debug|Any CPU.Build.0 = Debug|x86
		{F2683D9D-E141-490E-B2AA-53461910AC9D}.Debug|Mixed Platforms.ActiveCfg = Debug|x86
		{F2683D9D-E141-490E-B2AA-53461910AC9D}.Debug|Mixed Platforms.Build.0 = Debug|x86
		{F2683D9D-E141-490E-B2AA-53461910AC9D}.Debug|x86.ActiveCfg = Debug|x86
		{F2683D9D-E141-490E-B2AA-53461910AC9D}.Debug|x86.Build.0 = Debug|x86
		{F2683D9D-E141-490E-B2AA-53461910AC9D}.Release|Any CPU.ActiveCfg = Release|x86
		{F2683D9D-E141-490E-B2AA-53461910AC9D}.Release|Mixed Platforms.ActiveCfg = Release|x86
		{F2683D9D-E141-490E-B2AA-53461910AC9D}.Release|Mixed Platforms.Build.0 = Release|x86
		{F2683D9D-E141-490E-B2AA-53461910AC9D}.Release|x86.ActiveCfg = Release|x86
		{F2683D9D-E141-490E-B2AA-53461910AC9D}.Release|x86.Build.0 = Release|x86
		{71CB2FDC-897F-4E08-A793-E4201305B7DD}.Debug|Any CPU.ActiveCfg = Debug|x86
		{71CB2FDC-897F-4E08-A793-E4201305B7DD}.Debug|Any CPU.Build.0 = Debug|x86
		{71CB2FDC-897F-4E08-A793-E4201305B7DD}.Debug|Mixed Platforms.ActiveCfg = Debug|x86
		{71CB2FDC-897F-4E08-A793-E4201305B7DD}.Debug|x86.ActiveCfg = Debug|x86
		{71CB2FDC-897F-4E08-A793-E4201305B7DD}.Release|Any CPU.ActiveCfg = Release|x86
		{71CB2FDC-897F-4E08-A793-E4201305B7DD}.Release|Mixed Platforms.ActiveCfg = Release|x86
		{71CB2FDC-897F-4E08-A793-E4201305B7DD}.Release|x86.ActiveCfg = Release|x86
		{EDCFB186-0C67-4771-8033-8572A0744B2C}.Debug|Any CPU.ActiveCfg = Debug|x86
		{EDCFB186-0C67-4771-8033-8572A0744B2C}.Debug|Any CPU.Build.0 = Debug|x86
		{EDCFB186-0C67-4771-8033-8572A0744B2C}.Debug|Mixed Platforms.ActiveCfg = Debug|x86
		{EDCFB186-0C67-4771-8033-8572A0744B2C}.Debug|Mixed Platforms.Build.0 = Debug|x86
		{EDCFB186-0C67-4771-8033-8572A0744B2C}.Debug|x86.ActiveCfg = Debug|x86
		{EDCFB186-0C67-4771-8033-8572A0744B2C}.Debug|x86.Build.0 = Debug|x86
		{EDCFB186-0C67-4771-8033-8572A0744B2C}.Release|Any CPU.ActiveCfg = Release|x86
		{EDCFB186-0C67-4771-8033-8572A0744B2C}.Release|Mixed Platforms.ActiveCfg = Release|x86
		{EDCFB186-0C67-4771-8033-8572A0744B2C}.Release|Mixed Platforms.Build.0 = Release|x86
		{EDCFB186-0C67-4771-8033-8572A0744B2C}.Release|x86.ActiveCfg = Release|x86
		{EDCFB186-0C67-4771-8033-8572A0744B2C}.Release|x86.Build.0 = Release|x86
		{642D5815-4533-4146-96C1-D932FE1641F9}.Debug|Any CPU.ActiveCfg = Debug|Any CPU
		{642D5815-4533-4146-96C1-D932FE1641F9}.Debug|Any CPU.Build.0 = Debug|Any CPU
		{642D5815-4533-4146-96C1-D932FE1641F9}.Debug|Mixed Platforms.ActiveCfg = Debug|Any CPU
		{642D5815-4533-4146-96C1-D932FE1641F9}.Debug|Mixed Platforms.Build.0 = Debug|Any CPU
		{642D5815-4533-4146-96C1-D932FE1641F9}.Debug|x86.ActiveCfg = Debug|Any CPU
		{642D5815-4533-4146-96C1-D932FE1641F9}.Release|Any CPU.ActiveCfg = Release|Any CPU
		{642D5815-4533-4146-96C1-D932FE1641F9}.Release|Any CPU.Build.0 = Release|Any CPU
		{642D5815-4533-4146-96C1-D932FE1641F9}.Release|Mixed Platforms.ActiveCfg = Release|Any CPU
		{642D5815-4533-4146-96C1-D932FE1641F9}.Release|Mixed Platforms.Build.0 = Release|Any CPU
		{642D5815-4533-4146-96C1-D932FE1641F9}.Release|x86.ActiveCfg = Release|Any CPU
		{DDF5D740-6EE1-44BA-9DB9-782BF23E28D6}.Debug|Any CPU.ActiveCfg = Debug|Any CPU
		{DDF5D740-6EE1-44BA-9DB9-782BF23E28D6}.Debug|Any CPU.Build.0 = Debug|Any CPU
		{DDF5D740-6EE1-44BA-9DB9-782BF23E28D6}.Debug|Mixed Platforms.ActiveCfg = Debug|Any CPU
		{DDF5D740-6EE1-44BA-9DB9-782BF23E28D6}.Debug|Mixed Platforms.Build.0 = Debug|Any CPU
		{DDF5D740-6EE1-44BA-9DB9-782BF23E28D6}.Debug|x86.ActiveCfg = Debug|Any CPU
		{DDF5D740-6EE1-44BA-9DB9-782BF23E28D6}.Release|Any CPU.ActiveCfg = Release|Any CPU
		{DDF5D740-6EE1-44BA-9DB9-782BF23E28D6}.Release|Any CPU.Build.0 = Release|Any CPU
		{DDF5D740-6EE1-44BA-9DB9-782BF23E28D6}.Release|Mixed Platforms.ActiveCfg = Release|Any CPU
		{DDF5D740-6EE1-44BA-9DB9-782BF23E28D6}.Release|Mixed Platforms.Build.0 = Release|Any CPU
		{DDF5D740-6EE1-44BA-9DB9-782BF23E28D6}.Release|x86.ActiveCfg = Release|Any CPU
		{58F07D5A-E86E-4561-88E8-F96744D59157}.Debug|Any CPU.ActiveCfg = Debug|Any CPU
		{58F07D5A-E86E-4561-88E8-F96744D59157}.Debug|Any CPU.Build.0 = Debug|Any CPU
		{58F07D5A-E86E-4561-88E8-F96744D59157}.Debug|Mixed Platforms.ActiveCfg = Debug|Any CPU
		{58F07D5A-E86E-4561-88E8-F96744D59157}.Debug|Mixed Platforms.Build.0 = Debug|Any CPU
		{58F07D5A-E86E-4561-88E8-F96744D59157}.Debug|x86.ActiveCfg = Debug|Any CPU
		{58F07D5A-E86E-4561-88E8-F96744D59157}.Release|Any CPU.ActiveCfg = Release|Any CPU
		{58F07D5A-E86E-4561-88E8-F96744D59157}.Release|Any CPU.Build.0 = Release|Any CPU
		{58F07D5A-E86E-4561-88E8-F96744D59157}.Release|Mixed Platforms.ActiveCfg = Release|Any CPU
		{58F07D5A-E86E-4561-88E8-F96744D59157}.Release|Mixed Platforms.Build.0 = Release|Any CPU
		{58F07D5A-E86E-4561-88E8-F96744D59157}.Release|x86.ActiveCfg = Release|Any CPU
		{8ABBB640-E22B-4D70-87EF-FABC143F586A}.Debug|Any CPU.ActiveCfg = Debug|x86
		{8ABBB640-E22B-4D70-87EF-FABC143F586A}.Debug|Any CPU.Build.0 = Debug|x86
		{8ABBB640-E22B-4D70-87EF-FABC143F586A}.Debug|Mixed Platforms.ActiveCfg = Debug|x86
		{8ABBB640-E22B-4D70-87EF-FABC143F586A}.Debug|Mixed Platforms.Build.0 = Debug|x86
		{8ABBB640-E22B-4D70-87EF-FABC143F586A}.Debug|x86.ActiveCfg = Debug|x86
		{8ABBB640-E22B-4D70-87EF-FABC143F586A}.Debug|x86.Build.0 = Debug|x86
		{8ABBB640-E22B-4D70-87EF-FABC143F586A}.Release|Any CPU.ActiveCfg = Debug|x86
		{8ABBB640-E22B-4D70-87EF-FABC143F586A}.Release|Any CPU.Build.0 = Debug|x86
		{8ABBB640-E22B-4D70-87EF-FABC143F586A}.Release|Mixed Platforms.ActiveCfg = Debug|x86
		{8ABBB640-E22B-4D70-87EF-FABC143F586A}.Release|Mixed Platforms.Build.0 = Debug|x86
		{8ABBB640-E22B-4D70-87EF-FABC143F586A}.Release|x86.ActiveCfg = Debug|x86
		{8ABBB640-E22B-4D70-87EF-FABC143F586A}.Release|x86.Build.0 = Debug|x86
		{A628E3D9-F619-4832-B5D2-33AB8F0F712A}.Debug|Any CPU.ActiveCfg = Debug|Any CPU
		{A628E3D9-F619-4832-B5D2-33AB8F0F712A}.Debug|Any CPU.Build.0 = Debug|Any CPU
		{A628E3D9-F619-4832-B5D2-33AB8F0F712A}.Debug|Mixed Platforms.ActiveCfg = Debug|Any CPU
		{A628E3D9-F619-4832-B5D2-33AB8F0F712A}.Debug|Mixed Platforms.Build.0 = Debug|Any CPU
		{A628E3D9-F619-4832-B5D2-33AB8F0F712A}.Debug|x86.ActiveCfg = Debug|Any CPU
		{A628E3D9-F619-4832-B5D2-33AB8F0F712A}.Release|Any CPU.ActiveCfg = Release|Any CPU
		{A628E3D9-F619-4832-B5D2-33AB8F0F712A}.Release|Any CPU.Build.0 = Release|Any CPU
		{A628E3D9-F619-4832-B5D2-33AB8F0F712A}.Release|Mixed Platforms.ActiveCfg = Release|Any CPU
		{A628E3D9-F619-4832-B5D2-33AB8F0F712A}.Release|Mixed Platforms.Build.0 = Release|Any CPU
		{A628E3D9-F619-4832-B5D2-33AB8F0F712A}.Release|x86.ActiveCfg = Release|Any CPU
		{7BDF74AC-83B5-4A8D-8007-09E51A808B7A}.Debug|Any CPU.ActiveCfg = Debug|x86
		{7BDF74AC-83B5-4A8D-8007-09E51A808B7A}.Debug|Mixed Platforms.ActiveCfg = Debug|x86
		{7BDF74AC-83B5-4A8D-8007-09E51A808B7A}.Debug|Mixed Platforms.Build.0 = Debug|x86
		{7BDF74AC-83B5-4A8D-8007-09E51A808B7A}.Debug|x86.ActiveCfg = Debug|x86
		{7BDF74AC-83B5-4A8D-8007-09E51A808B7A}.Debug|x86.Build.0 = Debug|x86
		{7BDF74AC-83B5-4A8D-8007-09E51A808B7A}.Release|Any CPU.ActiveCfg = Release|x86
		{7BDF74AC-83B5-4A8D-8007-09E51A808B7A}.Release|Mixed Platforms.ActiveCfg = Release|x86
		{7BDF74AC-83B5-4A8D-8007-09E51A808B7A}.Release|Mixed Platforms.Build.0 = Release|x86
		{7BDF74AC-83B5-4A8D-8007-09E51A808B7A}.Release|x86.ActiveCfg = Release|x86
		{7BDF74AC-83B5-4A8D-8007-09E51A808B7A}.Release|x86.Build.0 = Release|x86
	EndGlobalSection
	GlobalSection(SolutionProperties) = preSolution
		HideSolutionNode = FALSE
	EndGlobalSection
EndGlobal
