
Microsoft Visual Studio Solution File, Format Version 11.00
# Visual Studio 2010
Project("{FAE04EC0-301F-11D3-BF4B-00C04F79EFBC}") = "Protogame", "Protogame\Protogame.csproj", "{DF7D4601-0061-4329-9803-6917AF416B70}"
EndProject
Project("{FAE04EC0-301F-11D3-BF4B-00C04F79EFBC}") = "AStarPathFinder", "Libraries\AStarPathFinder\AStarPathFinder.csproj", "{74FD2B9A-7400-4487-9401-CC78855C739C}"
EndProject
Project("{FAE04EC0-301F-11D3-BF4B-00C04F79EFBC}") = "Protogame.Noise", "Protogame.Noise\Protogame.Noise.csproj", "{FE9A9DF1-16D8-4A24-8978-D4F2E540F039}"
EndProject
Project("{FAE04EC0-301F-11D3-BF4B-00C04F79EFBC}") = "Tychaia", "Tychaia\Tychaia.csproj", "{F2683D9D-E141-490E-B2AA-53461910AC9D}"
EndProject
Project("{FAE04EC0-301F-11D3-BF4B-00C04F79EFBC}") = "Tychaia.Content", "Tychaia.Content\Tychaia.Content.contentproj", "{71CB2FDC-897F-4E08-A793-E4201305B7DD}"
EndProject
Project("{FAE04EC0-301F-11D3-BF4B-00C04F79EFBC}") = "TychaiaWorldGenViewer", "TychaiaWorldGenViewer\TychaiaWorldGenViewer.csproj", "{EDCFB186-0C67-4771-8033-8572A0744B2C}"
EndProject
Project("{FAE04EC0-301F-11D3-BF4B-00C04F79EFBC}") = "Tychaia.ProceduralGeneration", "Tychaia.ProceduralGeneration\Tychaia.ProceduralGeneration.csproj", "{642D5815-4533-4146-96C1-D932FE1641F9}"
EndProject
Project("{2150E333-8FDC-42A3-9474-1A3956D46DE8}") = "Solution Items", "Solution Items", "{7AEE2A1E-060F-4DBE-B581-B9330379E002}"
	ProjectSection(SolutionItems) = preProject
		Local.testsettings = Local.testsettings
		TraceAndTestImpact.testsettings = TraceAndTestImpact.testsettings
		Tychaia.vsmdi = Tychaia.vsmdi
	EndProjectSection
EndProject
Project("{FAE04EC0-301F-11D3-BF4B-00C04F79EFBC}") = "FortuneVoronoi", "BenTools\FortuneVoronoi.csproj", "{DDF5D740-6EE1-44BA-9DB9-782BF23E28D6}"
EndProject
Project("{FAE04EC0-301F-11D3-BF4B-00C04F79EFBC}") = "Tychaia.Globals", "Tychaia.Globals\Tychaia.Globals.csproj", "{58F07D5A-E86E-4561-88E8-F96744D59157}"
EndProject
Project("{FAE04EC0-301F-11D3-BF4B-00C04F79EFBC}") = "Tychaia.Content.Extensions", "Tychaia.Content.Extensions\Tychaia.Content.Extensions.csproj", "{8ABBB640-E22B-4D70-87EF-FABC143F586A}"
EndProject
Project("{FAE04EC0-301F-11D3-BF4B-00C04F79EFBC}") = "DepthBufferTest", "DepthBufferTest\DepthBufferTest\DepthBufferTest.csproj", "{498EC3C2-4030-4418-8CEC-484B4CBD798A}"
EndProject
Project("{FAE04EC0-301F-11D3-BF4B-00C04F79EFBC}") = "DepthBufferTestContent", "DepthBufferTest\DepthBufferTestContent\DepthBufferTestContent.contentproj", "{34459283-FB15-4812-AB17-6674B1E1615D}"
EndProject
Project("{FAE04EC0-301F-11D3-BF4B-00C04F79EFBC}") = "Protogame.Efficiency.Content", "Protogame.Efficiency.Content\Protogame.Efficiency.Content.contentproj", "{AF42E320-8CCA-40C4-9336-ECDC29C7E58D}"
EndProject
Project("{FAE04EC0-301F-11D3-BF4B-00C04F79EFBC}") = "Protogame.Efficiency", "Protogame.Efficiency\Protogame.Efficiency.csproj", "{27F018D3-7C1B-4B2C-ADE7-C04C3C47A30C}"
EndProject
Project("{FAE04EC0-301F-11D3-BF4B-00C04F79EFBC}") = "Tychaia.Game", "Tychaia.Game\Tychaia.Game.csproj", "{BD3C4687-9A79-415C-A882-0B7C6248E2AF}"
EndProject
Project("{FAE04EC0-301F-11D3-BF4B-00C04F79EFBC}") = "Protogame.Structure", "Protogame.Structure\Protogame.Structure.csproj", "{49E7D444-F991-41FC-8FD7-499372C5E207}"
EndProject
Project("{FAE04EC0-301F-11D3-BF4B-00C04F79EFBC}") = "PositionOctreeTest", "PositionOctreeTest\PositionOctreeTest.csproj", "{A6933395-45D0-40AA-820C-3716746F6141}"
EndProject
Project("{FAE04EC0-301F-11D3-BF4B-00C04F79EFBC}") = "Tychaia.RuntimeGeneration", "Tychaia.RuntimeGeneration\Tychaia.RuntimeGeneration.csproj", "{7BDF74AC-83B5-4A8D-8007-09E51A808B7A}"
EndProject
Project("{FAE04EC0-301F-11D3-BF4B-00C04F79EFBC}") = "Tychaia.Disk", "Tychaia.Disk\Tychaia.Disk.csproj", "{C9F2A7E0-D469-4FA2-96FD-9281A60FD5FC}"
EndProject
Project("{FAE04EC0-301F-11D3-BF4B-00C04F79EFBC}") = "Tychaia.Disk.Minecraft", "Tychaia.Disk.Minecraft\Tychaia.Disk.Minecraft.csproj", "{CF2ECC59-A2ED-48BF-9F50-5FA88A812D91}"
EndProject
Project("{FAE04EC0-301F-11D3-BF4B-00C04F79EFBC}") = "Tychaia.Disk.Tychaia", "Tychaia.Disk.Tychaia\Tychaia.Disk.Tychaia.csproj", "{09FF480E-54B1-4A5F-A585-CE74DE399BE1}"
EndProject
Project("{FAE04EC0-301F-11D3-BF4B-00C04F79EFBC}") = "NBTExplorer", "Libraries\NBTExplorer\NBTExplorer.csproj", "{8A458245-8176-4599-95CD-3CA39F2435CE}"
EndProject
Project("{FAE04EC0-301F-11D3-BF4B-00C04F79EFBC}") = "Substrate (NET4)", "Libraries\Substrate\SubstrateCS\Substrate (NET4).csproj", "{7264A1C4-AB4A-4437-B252-7379B98B5509}"
EndProject
Project("{FAE04EC0-301F-11D3-BF4B-00C04F79EFBC}") = "MinecraftExport", "MinecraftExport\MinecraftExport.csproj", "{934D08FB-35DB-4481-A3C4-64F8AE5C8F51}"
EndProject
Project("{2150E333-8FDC-42A3-9474-1A3956D46DE8}") = "Libraries", "Libraries", "{067C85F0-593F-4A65-A45B-68039284257B}"
EndProject
Project("{2150E333-8FDC-42A3-9474-1A3956D46DE8}") = "Tools and Tests", "Tools and Tests", "{D4ED81FD-AA4A-4866-BD6E-117C6BEBBB0F}"
EndProject
Project("{FAE04EC0-301F-11D3-BF4B-00C04F79EFBC}") = "MIConvexHull", "Libraries\MIConvexHull\MIConvexHull.csproj", "{2337776D-7D0C-40AA-A439-C26C3CE24FAB}"
EndProject
Project("{FAE04EC0-301F-11D3-BF4B-00C04F79EFBC}") = "Protogame.Math", "Protogame.Math\Protogame.Math.csproj", "{C5966454-0813-47E9-A652-05E3CD35E2E0}"
EndProject
Project("{FAE04EC0-301F-11D3-BF4B-00C04F79EFBC}") = "Protogame.Math.Tests", "Protogame.Math.Tests\Protogame.Math.Tests.csproj", "{93B8C56A-B2EF-428A-8068-D71CA923228C}"
EndProject
Project("{FAE04EC0-301F-11D3-BF4B-00C04F79EFBC}") = "TychaiaWorldGenWebsite", "TychaiaWorldGenWebsite\TychaiaWorldGenWebsite.csproj", "{582726D9-E9B6-4F9E-9DF1-4E871DA31F10}"
EndProject
Global
	GlobalSection(TestCaseManagementSettings) = postSolution
		CategoryFile = Tychaia.vsmdi
	EndGlobalSection
	GlobalSection(SolutionConfigurationPlatforms) = preSolution
		Debug|Mixed Platforms = Debug|Mixed Platforms
		Debug|x86 = Debug|x86
		Release|Mixed Platforms = Release|Mixed Platforms
		Release|x86 = Release|x86
	EndGlobalSection
	GlobalSection(ProjectConfigurationPlatforms) = postSolution
		{DF7D4601-0061-4329-9803-6917AF416B70}.Debug|Mixed Platforms.ActiveCfg = Debug|Any CPU
		{DF7D4601-0061-4329-9803-6917AF416B70}.Debug|Mixed Platforms.Build.0 = Debug|Any CPU
		{DF7D4601-0061-4329-9803-6917AF416B70}.Debug|x86.ActiveCfg = Debug|x86
		{DF7D4601-0061-4329-9803-6917AF416B70}.Debug|x86.Build.0 = Debug|x86
		{DF7D4601-0061-4329-9803-6917AF416B70}.Release|Mixed Platforms.ActiveCfg = Release|Any CPU
		{DF7D4601-0061-4329-9803-6917AF416B70}.Release|Mixed Platforms.Build.0 = Release|Any CPU
		{DF7D4601-0061-4329-9803-6917AF416B70}.Release|x86.ActiveCfg = Release|x86
		{DF7D4601-0061-4329-9803-6917AF416B70}.Release|x86.Build.0 = Release|x86
		{74FD2B9A-7400-4487-9401-CC78855C739C}.Debug|Mixed Platforms.ActiveCfg = Debug|Any CPU
		{74FD2B9A-7400-4487-9401-CC78855C739C}.Debug|Mixed Platforms.Build.0 = Debug|Any CPU
		{74FD2B9A-7400-4487-9401-CC78855C739C}.Debug|x86.ActiveCfg = Debug|x86
		{74FD2B9A-7400-4487-9401-CC78855C739C}.Debug|x86.Build.0 = Debug|x86
		{74FD2B9A-7400-4487-9401-CC78855C739C}.Release|Mixed Platforms.ActiveCfg = Release|Any CPU
		{74FD2B9A-7400-4487-9401-CC78855C739C}.Release|Mixed Platforms.Build.0 = Release|Any CPU
		{74FD2B9A-7400-4487-9401-CC78855C739C}.Release|x86.ActiveCfg = Release|Any CPU
		{FE9A9DF1-16D8-4A24-8978-D4F2E540F039}.Debug|Mixed Platforms.ActiveCfg = Debug|Any CPU
		{FE9A9DF1-16D8-4A24-8978-D4F2E540F039}.Debug|Mixed Platforms.Build.0 = Debug|Any CPU
		{FE9A9DF1-16D8-4A24-8978-D4F2E540F039}.Debug|x86.ActiveCfg = Debug|x86
		{FE9A9DF1-16D8-4A24-8978-D4F2E540F039}.Debug|x86.Build.0 = Debug|x86
		{FE9A9DF1-16D8-4A24-8978-D4F2E540F039}.Release|Mixed Platforms.ActiveCfg = Release|Any CPU
		{FE9A9DF1-16D8-4A24-8978-D4F2E540F039}.Release|Mixed Platforms.Build.0 = Release|Any CPU
		{FE9A9DF1-16D8-4A24-8978-D4F2E540F039}.Release|x86.ActiveCfg = Release|Any CPU
		{F2683D9D-E141-490E-B2AA-53461910AC9D}.Debug|Mixed Platforms.ActiveCfg = Debug|x86
		{F2683D9D-E141-490E-B2AA-53461910AC9D}.Debug|Mixed Platforms.Build.0 = Debug|x86
		{F2683D9D-E141-490E-B2AA-53461910AC9D}.Debug|x86.ActiveCfg = Debug|x86
		{F2683D9D-E141-490E-B2AA-53461910AC9D}.Debug|x86.Build.0 = Debug|x86
		{F2683D9D-E141-490E-B2AA-53461910AC9D}.Release|Mixed Platforms.ActiveCfg = Release|x86
		{F2683D9D-E141-490E-B2AA-53461910AC9D}.Release|Mixed Platforms.Build.0 = Release|x86
		{F2683D9D-E141-490E-B2AA-53461910AC9D}.Release|x86.ActiveCfg = Release|x86
		{F2683D9D-E141-490E-B2AA-53461910AC9D}.Release|x86.Build.0 = Release|x86
		{71CB2FDC-897F-4E08-A793-E4201305B7DD}.Debug|Mixed Platforms.ActiveCfg = Debug|x86
		{71CB2FDC-897F-4E08-A793-E4201305B7DD}.Debug|x86.ActiveCfg = Debug|x86
		{71CB2FDC-897F-4E08-A793-E4201305B7DD}.Release|Mixed Platforms.ActiveCfg = Release|x86
		{71CB2FDC-897F-4E08-A793-E4201305B7DD}.Release|x86.ActiveCfg = Release|x86
		{EDCFB186-0C67-4771-8033-8572A0744B2C}.Debug|Mixed Platforms.ActiveCfg = Debug|Any CPU
		{EDCFB186-0C67-4771-8033-8572A0744B2C}.Debug|Mixed Platforms.Build.0 = Debug|Any CPU
		{EDCFB186-0C67-4771-8033-8572A0744B2C}.Debug|x86.ActiveCfg = Debug|x86
		{EDCFB186-0C67-4771-8033-8572A0744B2C}.Debug|x86.Build.0 = Debug|x86
		{EDCFB186-0C67-4771-8033-8572A0744B2C}.Release|Mixed Platforms.ActiveCfg = Release|x86
		{EDCFB186-0C67-4771-8033-8572A0744B2C}.Release|Mixed Platforms.Build.0 = Release|x86
		{EDCFB186-0C67-4771-8033-8572A0744B2C}.Release|x86.ActiveCfg = Release|x86
		{EDCFB186-0C67-4771-8033-8572A0744B2C}.Release|x86.Build.0 = Release|x86
		{642D5815-4533-4146-96C1-D932FE1641F9}.Debug|Mixed Platforms.ActiveCfg = Debug|Any CPU
		{642D5815-4533-4146-96C1-D932FE1641F9}.Debug|Mixed Platforms.Build.0 = Debug|Any CPU
		{642D5815-4533-4146-96C1-D932FE1641F9}.Debug|x86.ActiveCfg = Debug|x86
		{642D5815-4533-4146-96C1-D932FE1641F9}.Debug|x86.Build.0 = Debug|x86
		{642D5815-4533-4146-96C1-D932FE1641F9}.Release|Mixed Platforms.ActiveCfg = Release|Any CPU
		{642D5815-4533-4146-96C1-D932FE1641F9}.Release|Mixed Platforms.Build.0 = Release|Any CPU
		{642D5815-4533-4146-96C1-D932FE1641F9}.Release|x86.ActiveCfg = Release|Any CPU
		{DDF5D740-6EE1-44BA-9DB9-782BF23E28D6}.Debug|Mixed Platforms.ActiveCfg = Debug|Any CPU
		{DDF5D740-6EE1-44BA-9DB9-782BF23E28D6}.Debug|Mixed Platforms.Build.0 = Debug|Any CPU
		{DDF5D740-6EE1-44BA-9DB9-782BF23E28D6}.Debug|x86.ActiveCfg = Debug|x86
		{DDF5D740-6EE1-44BA-9DB9-782BF23E28D6}.Debug|x86.Build.0 = Debug|x86
		{DDF5D740-6EE1-44BA-9DB9-782BF23E28D6}.Release|Mixed Platforms.ActiveCfg = Release|Any CPU
		{DDF5D740-6EE1-44BA-9DB9-782BF23E28D6}.Release|Mixed Platforms.Build.0 = Release|Any CPU
		{DDF5D740-6EE1-44BA-9DB9-782BF23E28D6}.Release|x86.ActiveCfg = Release|Any CPU
		{58F07D5A-E86E-4561-88E8-F96744D59157}.Debug|Mixed Platforms.ActiveCfg = Debug|Any CPU
		{58F07D5A-E86E-4561-88E8-F96744D59157}.Debug|Mixed Platforms.Build.0 = Debug|Any CPU
		{58F07D5A-E86E-4561-88E8-F96744D59157}.Debug|x86.ActiveCfg = Debug|x86
		{58F07D5A-E86E-4561-88E8-F96744D59157}.Debug|x86.Build.0 = Debug|x86
		{58F07D5A-E86E-4561-88E8-F96744D59157}.Release|Mixed Platforms.ActiveCfg = Release|Any CPU
		{58F07D5A-E86E-4561-88E8-F96744D59157}.Release|Mixed Platforms.Build.0 = Release|Any CPU
		{58F07D5A-E86E-4561-88E8-F96744D59157}.Release|x86.ActiveCfg = Release|Any CPU
		{8ABBB640-E22B-4D70-87EF-FABC143F586A}.Debug|Mixed Platforms.ActiveCfg = Debug|x86
		{8ABBB640-E22B-4D70-87EF-FABC143F586A}.Debug|Mixed Platforms.Build.0 = Debug|x86
		{8ABBB640-E22B-4D70-87EF-FABC143F586A}.Debug|x86.ActiveCfg = Debug|x86
		{8ABBB640-E22B-4D70-87EF-FABC143F586A}.Debug|x86.Build.0 = Debug|x86
		{8ABBB640-E22B-4D70-87EF-FABC143F586A}.Release|Mixed Platforms.ActiveCfg = Debug|x86
		{8ABBB640-E22B-4D70-87EF-FABC143F586A}.Release|Mixed Platforms.Build.0 = Debug|x86
		{8ABBB640-E22B-4D70-87EF-FABC143F586A}.Release|x86.ActiveCfg = Debug|x86
		{8ABBB640-E22B-4D70-87EF-FABC143F586A}.Release|x86.Build.0 = Debug|x86
		{498EC3C2-4030-4418-8CEC-484B4CBD798A}.Debug|Mixed Platforms.ActiveCfg = Debug|x86
		{498EC3C2-4030-4418-8CEC-484B4CBD798A}.Debug|Mixed Platforms.Build.0 = Debug|x86
		{498EC3C2-4030-4418-8CEC-484B4CBD798A}.Debug|x86.ActiveCfg = Debug|x86
		{498EC3C2-4030-4418-8CEC-484B4CBD798A}.Debug|x86.Build.0 = Debug|x86
		{498EC3C2-4030-4418-8CEC-484B4CBD798A}.Release|Mixed Platforms.ActiveCfg = Release|x86
		{498EC3C2-4030-4418-8CEC-484B4CBD798A}.Release|Mixed Platforms.Build.0 = Release|x86
		{498EC3C2-4030-4418-8CEC-484B4CBD798A}.Release|x86.ActiveCfg = Release|x86
		{498EC3C2-4030-4418-8CEC-484B4CBD798A}.Release|x86.Build.0 = Release|x86
		{34459283-FB15-4812-AB17-6674B1E1615D}.Debug|Mixed Platforms.ActiveCfg = Debug|x86
		{34459283-FB15-4812-AB17-6674B1E1615D}.Debug|x86.ActiveCfg = Debug|x86
		{34459283-FB15-4812-AB17-6674B1E1615D}.Release|Mixed Platforms.ActiveCfg = Release|x86
		{34459283-FB15-4812-AB17-6674B1E1615D}.Release|x86.ActiveCfg = Release|x86
		{AF42E320-8CCA-40C4-9336-ECDC29C7E58D}.Debug|Mixed Platforms.ActiveCfg = Debug|Any CPU
		{AF42E320-8CCA-40C4-9336-ECDC29C7E58D}.Debug|x86.ActiveCfg = Debug|Any CPU
		{AF42E320-8CCA-40C4-9336-ECDC29C7E58D}.Release|Mixed Platforms.ActiveCfg = Debug|Any CPU
		{AF42E320-8CCA-40C4-9336-ECDC29C7E58D}.Release|x86.ActiveCfg = Debug|Any CPU
		{27F018D3-7C1B-4B2C-ADE7-C04C3C47A30C}.Debug|Mixed Platforms.ActiveCfg = Debug|x86
		{27F018D3-7C1B-4B2C-ADE7-C04C3C47A30C}.Debug|Mixed Platforms.Build.0 = Debug|x86
		{27F018D3-7C1B-4B2C-ADE7-C04C3C47A30C}.Debug|x86.ActiveCfg = Debug|x86
		{27F018D3-7C1B-4B2C-ADE7-C04C3C47A30C}.Debug|x86.Build.0 = Debug|x86
		{27F018D3-7C1B-4B2C-ADE7-C04C3C47A30C}.Release|Mixed Platforms.ActiveCfg = Release|x86
		{27F018D3-7C1B-4B2C-ADE7-C04C3C47A30C}.Release|Mixed Platforms.Build.0 = Release|x86
		{27F018D3-7C1B-4B2C-ADE7-C04C3C47A30C}.Release|x86.ActiveCfg = Release|x86
		{27F018D3-7C1B-4B2C-ADE7-C04C3C47A30C}.Release|x86.Build.0 = Release|x86
		{BD3C4687-9A79-415C-A882-0B7C6248E2AF}.Debug|Mixed Platforms.ActiveCfg = Debug|Any CPU
		{BD3C4687-9A79-415C-A882-0B7C6248E2AF}.Debug|Mixed Platforms.Build.0 = Debug|Any CPU
		{BD3C4687-9A79-415C-A882-0B7C6248E2AF}.Debug|x86.ActiveCfg = Debug|x86
		{BD3C4687-9A79-415C-A882-0B7C6248E2AF}.Debug|x86.Build.0 = Debug|x86
		{BD3C4687-9A79-415C-A882-0B7C6248E2AF}.Release|Mixed Platforms.ActiveCfg = Release|Any CPU
		{BD3C4687-9A79-415C-A882-0B7C6248E2AF}.Release|Mixed Platforms.Build.0 = Release|Any CPU
		{BD3C4687-9A79-415C-A882-0B7C6248E2AF}.Release|x86.ActiveCfg = Release|Any CPU
		{49E7D444-F991-41FC-8FD7-499372C5E207}.Debug|Mixed Platforms.ActiveCfg = Debug|Any CPU
		{49E7D444-F991-41FC-8FD7-499372C5E207}.Debug|Mixed Platforms.Build.0 = Debug|Any CPU
		{49E7D444-F991-41FC-8FD7-499372C5E207}.Debug|x86.ActiveCfg = Debug|x86
		{49E7D444-F991-41FC-8FD7-499372C5E207}.Debug|x86.Build.0 = Debug|x86
		{49E7D444-F991-41FC-8FD7-499372C5E207}.Release|Mixed Platforms.ActiveCfg = Release|Any CPU
		{49E7D444-F991-41FC-8FD7-499372C5E207}.Release|Mixed Platforms.Build.0 = Release|Any CPU
		{49E7D444-F991-41FC-8FD7-499372C5E207}.Release|x86.ActiveCfg = Release|Any CPU
		{A6933395-45D0-40AA-820C-3716746F6141}.Debug|Mixed Platforms.ActiveCfg = Debug|Any CPU
		{A6933395-45D0-40AA-820C-3716746F6141}.Debug|Mixed Platforms.Build.0 = Debug|Any CPU
		{A6933395-45D0-40AA-820C-3716746F6141}.Debug|x86.ActiveCfg = Debug|x86
		{A6933395-45D0-40AA-820C-3716746F6141}.Debug|x86.Build.0 = Debug|x86
		{A6933395-45D0-40AA-820C-3716746F6141}.Release|Mixed Platforms.ActiveCfg = Release|x86
		{A6933395-45D0-40AA-820C-3716746F6141}.Release|Mixed Platforms.Build.0 = Release|x86
		{A6933395-45D0-40AA-820C-3716746F6141}.Release|x86.ActiveCfg = Release|x86
		{A6933395-45D0-40AA-820C-3716746F6141}.Release|x86.Build.0 = Release|x86
		{7BDF74AC-83B5-4A8D-8007-09E51A808B7A}.Debug|Mixed Platforms.ActiveCfg = Debug|Any CPU
		{7BDF74AC-83B5-4A8D-8007-09E51A808B7A}.Debug|Mixed Platforms.Build.0 = Debug|Any CPU
		{7BDF74AC-83B5-4A8D-8007-09E51A808B7A}.Debug|x86.ActiveCfg = Debug|x86
		{7BDF74AC-83B5-4A8D-8007-09E51A808B7A}.Debug|x86.Build.0 = Debug|x86
		{7BDF74AC-83B5-4A8D-8007-09E51A808B7A}.Release|Mixed Platforms.ActiveCfg = Release|x86
		{7BDF74AC-83B5-4A8D-8007-09E51A808B7A}.Release|Mixed Platforms.Build.0 = Release|x86
		{7BDF74AC-83B5-4A8D-8007-09E51A808B7A}.Release|x86.ActiveCfg = Release|x86
		{7BDF74AC-83B5-4A8D-8007-09E51A808B7A}.Release|x86.Build.0 = Release|x86
		{C9F2A7E0-D469-4FA2-96FD-9281A60FD5FC}.Debug|Mixed Platforms.ActiveCfg = Debug|Any CPU
		{C9F2A7E0-D469-4FA2-96FD-9281A60FD5FC}.Debug|Mixed Platforms.Build.0 = Debug|Any CPU
		{C9F2A7E0-D469-4FA2-96FD-9281A60FD5FC}.Debug|x86.ActiveCfg = Debug|x86
		{C9F2A7E0-D469-4FA2-96FD-9281A60FD5FC}.Debug|x86.Build.0 = Debug|x86
		{C9F2A7E0-D469-4FA2-96FD-9281A60FD5FC}.Release|Mixed Platforms.ActiveCfg = Release|Any CPU
		{C9F2A7E0-D469-4FA2-96FD-9281A60FD5FC}.Release|Mixed Platforms.Build.0 = Release|Any CPU
		{C9F2A7E0-D469-4FA2-96FD-9281A60FD5FC}.Release|x86.ActiveCfg = Release|Any CPU
		{CF2ECC59-A2ED-48BF-9F50-5FA88A812D91}.Debug|Mixed Platforms.ActiveCfg = Debug|Any CPU
		{CF2ECC59-A2ED-48BF-9F50-5FA88A812D91}.Debug|Mixed Platforms.Build.0 = Debug|Any CPU
		{CF2ECC59-A2ED-48BF-9F50-5FA88A812D91}.Debug|x86.ActiveCfg = Debug|Any CPU
		{CF2ECC59-A2ED-48BF-9F50-5FA88A812D91}.Debug|x86.Build.0 = Debug|Any CPU
		{CF2ECC59-A2ED-48BF-9F50-5FA88A812D91}.Release|Mixed Platforms.ActiveCfg = Release|Any CPU
		{CF2ECC59-A2ED-48BF-9F50-5FA88A812D91}.Release|Mixed Platforms.Build.0 = Release|Any CPU
		{CF2ECC59-A2ED-48BF-9F50-5FA88A812D91}.Release|x86.ActiveCfg = Release|Any CPU
		{09FF480E-54B1-4A5F-A585-CE74DE399BE1}.Debug|Mixed Platforms.ActiveCfg = Debug|Any CPU
		{09FF480E-54B1-4A5F-A585-CE74DE399BE1}.Debug|Mixed Platforms.Build.0 = Debug|Any CPU
		{09FF480E-54B1-4A5F-A585-CE74DE399BE1}.Debug|x86.ActiveCfg = Debug|Any CPU
		{09FF480E-54B1-4A5F-A585-CE74DE399BE1}.Debug|x86.Build.0 = Debug|Any CPU
		{09FF480E-54B1-4A5F-A585-CE74DE399BE1}.Release|Mixed Platforms.ActiveCfg = Release|Any CPU
		{09FF480E-54B1-4A5F-A585-CE74DE399BE1}.Release|Mixed Platforms.Build.0 = Release|Any CPU
		{09FF480E-54B1-4A5F-A585-CE74DE399BE1}.Release|x86.ActiveCfg = Release|Any CPU
		{8A458245-8176-4599-95CD-3CA39F2435CE}.Debug|Mixed Platforms.ActiveCfg = Debug|Any CPU
		{8A458245-8176-4599-95CD-3CA39F2435CE}.Debug|Mixed Platforms.Build.0 = Debug|Any CPU
		{8A458245-8176-4599-95CD-3CA39F2435CE}.Debug|x86.ActiveCfg = Debug|x86
		{8A458245-8176-4599-95CD-3CA39F2435CE}.Debug|x86.Build.0 = Debug|x86
		{8A458245-8176-4599-95CD-3CA39F2435CE}.Release|Mixed Platforms.ActiveCfg = Release|Any CPU
		{8A458245-8176-4599-95CD-3CA39F2435CE}.Release|Mixed Platforms.Build.0 = Release|Any CPU
		{8A458245-8176-4599-95CD-3CA39F2435CE}.Release|x86.ActiveCfg = Release|x86
		{8A458245-8176-4599-95CD-3CA39F2435CE}.Release|x86.Build.0 = Release|x86
		{7264A1C4-AB4A-4437-B252-7379B98B5509}.Debug|Mixed Platforms.ActiveCfg = Debug|Any CPU
		{7264A1C4-AB4A-4437-B252-7379B98B5509}.Debug|Mixed Platforms.Build.0 = Debug|Any CPU
		{7264A1C4-AB4A-4437-B252-7379B98B5509}.Debug|x86.ActiveCfg = Debug|x86
		{7264A1C4-AB4A-4437-B252-7379B98B5509}.Debug|x86.Build.0 = Debug|x86
		{7264A1C4-AB4A-4437-B252-7379B98B5509}.Release|Mixed Platforms.ActiveCfg = Release|Any CPU
		{7264A1C4-AB4A-4437-B252-7379B98B5509}.Release|Mixed Platforms.Build.0 = Release|Any CPU
		{7264A1C4-AB4A-4437-B252-7379B98B5509}.Release|x86.ActiveCfg = Release|Any CPU
		{934D08FB-35DB-4481-A3C4-64F8AE5C8F51}.Debug|Mixed Platforms.ActiveCfg = Debug|Any CPU
		{934D08FB-35DB-4481-A3C4-64F8AE5C8F51}.Debug|Mixed Platforms.Build.0 = Debug|Any CPU
		{934D08FB-35DB-4481-A3C4-64F8AE5C8F51}.Debug|x86.ActiveCfg = Debug|x86
		{934D08FB-35DB-4481-A3C4-64F8AE5C8F51}.Debug|x86.Build.0 = Debug|x86
		{934D08FB-35DB-4481-A3C4-64F8AE5C8F51}.Release|Mixed Platforms.ActiveCfg = Release|x86
		{934D08FB-35DB-4481-A3C4-64F8AE5C8F51}.Release|Mixed Platforms.Build.0 = Release|x86
		{934D08FB-35DB-4481-A3C4-64F8AE5C8F51}.Release|x86.ActiveCfg = Release|x86
		{934D08FB-35DB-4481-A3C4-64F8AE5C8F51}.Release|x86.Build.0 = Release|x86
		{2337776D-7D0C-40AA-A439-C26C3CE24FAB}.Debug|Mixed Platforms.ActiveCfg = Debug|Any CPU
		{2337776D-7D0C-40AA-A439-C26C3CE24FAB}.Debug|Mixed Platforms.Build.0 = Debug|Any CPU
		{2337776D-7D0C-40AA-A439-C26C3CE24FAB}.Debug|x86.ActiveCfg = Debug|x86
		{2337776D-7D0C-40AA-A439-C26C3CE24FAB}.Debug|x86.Build.0 = Debug|x86
		{2337776D-7D0C-40AA-A439-C26C3CE24FAB}.Release|Mixed Platforms.ActiveCfg = Release|Any CPU
		{2337776D-7D0C-40AA-A439-C26C3CE24FAB}.Release|Mixed Platforms.Build.0 = Release|Any CPU
		{2337776D-7D0C-40AA-A439-C26C3CE24FAB}.Release|x86.ActiveCfg = Release|Any CPU
		{C5966454-0813-47E9-A652-05E3CD35E2E0}.Debug|Mixed Platforms.ActiveCfg = Debug|Any CPU
		{C5966454-0813-47E9-A652-05E3CD35E2E0}.Debug|Mixed Platforms.Build.0 = Debug|Any CPU
		{C5966454-0813-47E9-A652-05E3CD35E2E0}.Debug|x86.ActiveCfg = Debug|x86
		{C5966454-0813-47E9-A652-05E3CD35E2E0}.Debug|x86.Build.0 = Debug|x86
		{C5966454-0813-47E9-A652-05E3CD35E2E0}.Release|Mixed Platforms.ActiveCfg = Release|Any CPU
		{C5966454-0813-47E9-A652-05E3CD35E2E0}.Release|Mixed Platforms.Build.0 = Release|Any CPU
		{C5966454-0813-47E9-A652-05E3CD35E2E0}.Release|x86.ActiveCfg = Release|Any CPU
		{93B8C56A-B2EF-428A-8068-D71CA923228C}.Debug|Mixed Platforms.ActiveCfg = Debug|Any CPU
		{93B8C56A-B2EF-428A-8068-D71CA923228C}.Debug|Mixed Platforms.Build.0 = Debug|Any CPU
		{93B8C56A-B2EF-428A-8068-D71CA923228C}.Debug|x86.ActiveCfg = Debug|x86
		{93B8C56A-B2EF-428A-8068-D71CA923228C}.Debug|x86.Build.0 = Debug|x86
		{93B8C56A-B2EF-428A-8068-D71CA923228C}.Release|Mixed Platforms.ActiveCfg = Release|Any CPU
		{93B8C56A-B2EF-428A-8068-D71CA923228C}.Release|Mixed Platforms.Build.0 = Release|Any CPU
		{93B8C56A-B2EF-428A-8068-D71CA923228C}.Release|x86.ActiveCfg = Release|Any CPU
		{582726D9-E9B6-4F9E-9DF1-4E871DA31F10}.Debug|Mixed Platforms.ActiveCfg = Debug|x86
		{582726D9-E9B6-4F9E-9DF1-4E871DA31F10}.Debug|Mixed Platforms.Build.0 = Debug|x86
		{582726D9-E9B6-4F9E-9DF1-4E871DA31F10}.Debug|x86.ActiveCfg = Debug|x86
		{582726D9-E9B6-4F9E-9DF1-4E871DA31F10}.Debug|x86.Build.0 = Debug|x86
		{582726D9-E9B6-4F9E-9DF1-4E871DA31F10}.Release|Mixed Platforms.ActiveCfg = Release|x86
		{582726D9-E9B6-4F9E-9DF1-4E871DA31F10}.Release|Mixed Platforms.Build.0 = Release|x86
		{582726D9-E9B6-4F9E-9DF1-4E871DA31F10}.Release|x86.ActiveCfg = Release|x86
		{582726D9-E9B6-4F9E-9DF1-4E871DA31F10}.Release|x86.Build.0 = Release|x86
	EndGlobalSection
	GlobalSection(SolutionProperties) = preSolution
		HideSolutionNode = FALSE
	EndGlobalSection
	GlobalSection(NestedProjects) = preSolution
		{DDF5D740-6EE1-44BA-9DB9-782BF23E28D6} = {067C85F0-593F-4A65-A45B-68039284257B}
		{7264A1C4-AB4A-4437-B252-7379B98B5509} = {067C85F0-593F-4A65-A45B-68039284257B}
		{74FD2B9A-7400-4487-9401-CC78855C739C} = {067C85F0-593F-4A65-A45B-68039284257B}
		{2337776D-7D0C-40AA-A439-C26C3CE24FAB} = {067C85F0-593F-4A65-A45B-68039284257B}
		{34459283-FB15-4812-AB17-6674B1E1615D} = {D4ED81FD-AA4A-4866-BD6E-117C6BEBBB0F}
		{A6933395-45D0-40AA-820C-3716746F6141} = {D4ED81FD-AA4A-4866-BD6E-117C6BEBBB0F}
		{8A458245-8176-4599-95CD-3CA39F2435CE} = {D4ED81FD-AA4A-4866-BD6E-117C6BEBBB0F}
		{934D08FB-35DB-4481-A3C4-64F8AE5C8F51} = {D4ED81FD-AA4A-4866-BD6E-117C6BEBBB0F}
		{498EC3C2-4030-4418-8CEC-484B4CBD798A} = {D4ED81FD-AA4A-4866-BD6E-117C6BEBBB0F}
	EndGlobalSection
EndGlobal
