
Microsoft Visual Studio Solution File, Format Version 11.00
# Visual Studio 2010
Project("{FAE04EC0-301F-11D3-BF4B-00C04F79EFBC}") = "Protogame", "Protogame\Protogame.csproj", "{DF7D4601-0061-4329-9803-6917AF416B70}"
EndProject
Project("{FAE04EC0-301F-11D3-BF4B-00C04F79EFBC}") = "Protogame.Noise", "Protogame.Noise\Protogame.Noise.csproj", "{FE9A9DF1-16D8-4A24-8978-D4F2E540F039}"
EndProject
Project("{FAE04EC0-301F-11D3-BF4B-00C04F79EFBC}") = "TychaiaWorldGenViewer", "TychaiaWorldGenViewer\TychaiaWorldGenViewer.csproj", "{EDCFB186-0C67-4771-8033-8572A0744B2C}"
EndProject
Project("{FAE04EC0-301F-11D3-BF4B-00C04F79EFBC}") = "Tychaia.ProceduralGeneration", "Tychaia.ProceduralGeneration\Tychaia.ProceduralGeneration.csproj", "{642D5815-4533-4146-96C1-D932FE1641F9}"
EndProject
Project("{2150E333-8FDC-42A3-9474-1A3956D46DE8}") = "Solution Items", "Solution Items", "{7AEE2A1E-060F-4DBE-B581-B9330379E002}"
	ProjectSection(SolutionItems) = preProject
		Local.testsettings = Local.testsettings
		TraceAndTestImpact.testsettings = TraceAndTestImpact.testsettings
		Tychaia.vsmdi = Tychaia.vsmdi
	EndProjectSection
EndProject
Project("{FAE04EC0-301F-11D3-BF4B-00C04F79EFBC}") = "Tychaia.Globals", "Tychaia.Globals\Tychaia.Globals.csproj", "{58F07D5A-E86E-4561-88E8-F96744D59157}"
EndProject
Project("{FAE04EC0-301F-11D3-BF4B-00C04F79EFBC}") = "Tychaia.Content.Extensions", "Tychaia.Content.Extensions\Tychaia.Content.Extensions.csproj", "{8ABBB640-E22B-4D70-87EF-FABC143F586A}"
EndProject
Project("{FAE04EC0-301F-11D3-BF4B-00C04F79EFBC}") = "Tychaia.Game", "Tychaia.Game\Tychaia.Game.csproj", "{BD3C4687-9A79-415C-A882-0B7C6248E2AF}"
EndProject
Project("{FAE04EC0-301F-11D3-BF4B-00C04F79EFBC}") = "Protogame.Structure", "Protogame.Structure\Protogame.Structure.csproj", "{49E7D444-F991-41FC-8FD7-499372C5E207}"
EndProject
Project("{FAE04EC0-301F-11D3-BF4B-00C04F79EFBC}") = "Tychaia.RuntimeGeneration", "Tychaia.RuntimeGeneration\Tychaia.RuntimeGeneration.csproj", "{7BDF74AC-83B5-4A8D-8007-09E51A808B7A}"
EndProject
Project("{FAE04EC0-301F-11D3-BF4B-00C04F79EFBC}") = "Tychaia.Disk", "Tychaia.Disk\Tychaia.Disk.csproj", "{C9F2A7E0-D469-4FA2-96FD-9281A60FD5FC}"
EndProject
Project("{FAE04EC0-301F-11D3-BF4B-00C04F79EFBC}") = "Tychaia.Disk.Minecraft", "Tychaia.Disk.Minecraft\Tychaia.Disk.Minecraft.csproj", "{CF2ECC59-A2ED-48BF-9F50-5FA88A812D91}"
EndProject
Project("{FAE04EC0-301F-11D3-BF4B-00C04F79EFBC}") = "Tychaia.Disk.Tychaia", "Tychaia.Disk.Tychaia\Tychaia.Disk.Tychaia.csproj", "{09FF480E-54B1-4A5F-A585-CE74DE399BE1}"
EndProject
Project("{2150E333-8FDC-42A3-9474-1A3956D46DE8}") = "Libraries", "Libraries", "{067C85F0-593F-4A65-A45B-68039284257B}"
EndProject
Project("{FAE04EC0-301F-11D3-BF4B-00C04F79EFBC}") = "FortuneVoronoi", "BenTools\FortuneVoronoi.csproj", "{DDF5D740-6EE1-44BA-9DB9-782BF23E28D6}"
EndProject
Project("{FAE04EC0-301F-11D3-BF4B-00C04F79EFBC}") = "Substrate (NET4)", "Libraries\Substrate\SubstrateCS\Substrate (NET4).csproj", "{7264A1C4-AB4A-4437-B252-7379B98B5509}"
EndProject
Project("{FAE04EC0-301F-11D3-BF4B-00C04F79EFBC}") = "AStarPathFinder", "Libraries\AStarPathFinder\AStarPathFinder.csproj", "{74FD2B9A-7400-4487-9401-CC78855C739C}"
EndProject
Project("{FAE04EC0-301F-11D3-BF4B-00C04F79EFBC}") = "MIConvexHull", "Libraries\MIConvexHull\MIConvexHull.csproj", "{2337776D-7D0C-40AA-A439-C26C3CE24FAB}"
EndProject
Project("{2150E333-8FDC-42A3-9474-1A3956D46DE8}") = "Tools and Tests", "Tools and Tests", "{D4ED81FD-AA4A-4866-BD6E-117C6BEBBB0F}"
EndProject
Project("{FAE04EC0-301F-11D3-BF4B-00C04F79EFBC}") = "DepthBufferTestContent", "DepthBufferTest\DepthBufferTestContent\DepthBufferTestContent.contentproj", "{34459283-FB15-4812-AB17-6674B1E1615D}"
EndProject
Project("{FAE04EC0-301F-11D3-BF4B-00C04F79EFBC}") = "PositionOctreeTest", "PositionOctreeTest\PositionOctreeTest.csproj", "{A6933395-45D0-40AA-820C-3716746F6141}"
EndProject
Project("{FAE04EC0-301F-11D3-BF4B-00C04F79EFBC}") = "NBTExplorer", "Libraries\NBTExplorer\NBTExplorer.csproj", "{8A458245-8176-4599-95CD-3CA39F2435CE}"
EndProject
Project("{FAE04EC0-301F-11D3-BF4B-00C04F79EFBC}") = "MinecraftExport", "MinecraftExport\MinecraftExport.csproj", "{934D08FB-35DB-4481-A3C4-64F8AE5C8F51}"
EndProject
Project("{FAE04EC0-301F-11D3-BF4B-00C04F79EFBC}") = "DepthBufferTest", "DepthBufferTest\DepthBufferTest\DepthBufferTest.csproj", "{498EC3C2-4030-4418-8CEC-484B4CBD798A}"
EndProject
Project("{FAE04EC0-301F-11D3-BF4B-00C04F79EFBC}") = "Protogame.Math", "Protogame.Math\Protogame.Math.csproj", "{C5966454-0813-47E9-A652-05E3CD35E2E0}"
EndProject
Project("{FAE04EC0-301F-11D3-BF4B-00C04F79EFBC}") = "MakeMeAWorld", "MakeMeAWorld\MakeMeAWorld.csproj", "{74591317-9179-43D8-83A3-FFBEEB57B92F}"
EndProject
Project("{FAE04EC0-301F-11D3-BF4B-00C04F79EFBC}") = "Tychaia", "Tychaia\Tychaia.csproj", "{15B2B752-DB22-4A1C-AA2E-2E68B259DBC9}"
EndProject
Project("{FAE04EC0-301F-11D3-BF4B-00C04F79EFBC}") = "Protogame.Math.Tests", "Protogame.Math.Tests\Protogame.Math.Tests.csproj", "{D8BB61DB-E058-4B25-A8EC-3824DC514F90}"
EndProject
Project("{FAE04EC0-301F-11D3-BF4B-00C04F79EFBC}") = "Protogame.Efficiency", "Protogame.Efficiency\Protogame.Efficiency.csproj", "{ADDEEFA0-B802-4E5F-8824-D72D5190D2EA}"
EndProject
Global
	GlobalSection(SolutionConfigurationPlatforms) = preSolution
		Debug|Any CPU = Debug|Any CPU
		Debug|Mixed Platforms = Debug|Mixed Platforms
		Debug|x86 = Debug|x86
		Release|Any CPU = Release|Any CPU
		Release|Mixed Platforms = Release|Mixed Platforms
		Release|x86 = Release|x86
	EndGlobalSection
	GlobalSection(ProjectConfigurationPlatforms) = postSolution
		{09FF480E-54B1-4A5F-A585-CE74DE399BE1}.Debug|Any CPU.ActiveCfg = Debug|Any CPU
		{09FF480E-54B1-4A5F-A585-CE74DE399BE1}.Debug|Any CPU.Build.0 = Debug|Any CPU
		{09FF480E-54B1-4A5F-A585-CE74DE399BE1}.Debug|Mixed Platforms.ActiveCfg = Debug|Any CPU
		{09FF480E-54B1-4A5F-A585-CE74DE399BE1}.Debug|Mixed Platforms.Build.0 = Debug|Any CPU
		{09FF480E-54B1-4A5F-A585-CE74DE399BE1}.Debug|x86.ActiveCfg = Debug|Any CPU
		{09FF480E-54B1-4A5F-A585-CE74DE399BE1}.Debug|x86.Build.0 = Debug|Any CPU
		{09FF480E-54B1-4A5F-A585-CE74DE399BE1}.Release|Any CPU.ActiveCfg = Release|Any CPU
		{09FF480E-54B1-4A5F-A585-CE74DE399BE1}.Release|Any CPU.Build.0 = Release|Any CPU
		{09FF480E-54B1-4A5F-A585-CE74DE399BE1}.Release|Mixed Platforms.ActiveCfg = Release|Any CPU
		{09FF480E-54B1-4A5F-A585-CE74DE399BE1}.Release|Mixed Platforms.Build.0 = Release|Any CPU
		{09FF480E-54B1-4A5F-A585-CE74DE399BE1}.Release|x86.ActiveCfg = Release|Any CPU
		{15B2B752-DB22-4A1C-AA2E-2E68B259DBC9}.Debug|Any CPU.ActiveCfg = Debug|Any CPU
		{15B2B752-DB22-4A1C-AA2E-2E68B259DBC9}.Debug|Any CPU.Build.0 = Debug|Any CPU
		{15B2B752-DB22-4A1C-AA2E-2E68B259DBC9}.Debug|Mixed Platforms.ActiveCfg = Debug|Any CPU
		{15B2B752-DB22-4A1C-AA2E-2E68B259DBC9}.Debug|Mixed Platforms.Build.0 = Debug|Any CPU
		{15B2B752-DB22-4A1C-AA2E-2E68B259DBC9}.Debug|x86.ActiveCfg = Debug|Any CPU
		{15B2B752-DB22-4A1C-AA2E-2E68B259DBC9}.Debug|x86.Build.0 = Debug|Any CPU
		{15B2B752-DB22-4A1C-AA2E-2E68B259DBC9}.Release|Any CPU.ActiveCfg = Release|Any CPU
		{15B2B752-DB22-4A1C-AA2E-2E68B259DBC9}.Release|Any CPU.Build.0 = Release|Any CPU
		{15B2B752-DB22-4A1C-AA2E-2E68B259DBC9}.Release|Mixed Platforms.ActiveCfg = Release|Any CPU
		{15B2B752-DB22-4A1C-AA2E-2E68B259DBC9}.Release|Mixed Platforms.Build.0 = Release|Any CPU
		{15B2B752-DB22-4A1C-AA2E-2E68B259DBC9}.Release|x86.ActiveCfg = Release|Any CPU
		{15B2B752-DB22-4A1C-AA2E-2E68B259DBC9}.Release|x86.Build.0 = Release|Any CPU
		{2337776D-7D0C-40AA-A439-C26C3CE24FAB}.Debug|Any CPU.ActiveCfg = Debug|Any CPU
		{2337776D-7D0C-40AA-A439-C26C3CE24FAB}.Debug|Any CPU.Build.0 = Debug|Any CPU
		{2337776D-7D0C-40AA-A439-C26C3CE24FAB}.Debug|Mixed Platforms.ActiveCfg = Debug|Any CPU
		{2337776D-7D0C-40AA-A439-C26C3CE24FAB}.Debug|Mixed Platforms.Build.0 = Debug|Any CPU
		{2337776D-7D0C-40AA-A439-C26C3CE24FAB}.Debug|x86.ActiveCfg = Debug|x86
		{2337776D-7D0C-40AA-A439-C26C3CE24FAB}.Debug|x86.Build.0 = Debug|x86
		{2337776D-7D0C-40AA-A439-C26C3CE24FAB}.Release|Any CPU.ActiveCfg = Release|Any CPU
		{2337776D-7D0C-40AA-A439-C26C3CE24FAB}.Release|Any CPU.Build.0 = Release|Any CPU
		{2337776D-7D0C-40AA-A439-C26C3CE24FAB}.Release|Mixed Platforms.ActiveCfg = Release|Any CPU
		{2337776D-7D0C-40AA-A439-C26C3CE24FAB}.Release|Mixed Platforms.Build.0 = Release|Any CPU
		{2337776D-7D0C-40AA-A439-C26C3CE24FAB}.Release|x86.ActiveCfg = Release|Any CPU
		{34459283-FB15-4812-AB17-6674B1E1615D}.Debug|Any CPU.ActiveCfg = Debug|x86
		{34459283-FB15-4812-AB17-6674B1E1615D}.Debug|Mixed Platforms.ActiveCfg = Debug|x86
		{34459283-FB15-4812-AB17-6674B1E1615D}.Debug|x86.ActiveCfg = Debug|x86
		{34459283-FB15-4812-AB17-6674B1E1615D}.Release|Any CPU.ActiveCfg = Release|x86
		{34459283-FB15-4812-AB17-6674B1E1615D}.Release|Mixed Platforms.ActiveCfg = Release|x86
		{34459283-FB15-4812-AB17-6674B1E1615D}.Release|x86.ActiveCfg = Release|x86
		{498EC3C2-4030-4418-8CEC-484B4CBD798A}.Debug|Any CPU.ActiveCfg = Debug|x86
		{498EC3C2-4030-4418-8CEC-484B4CBD798A}.Debug|Mixed Platforms.ActiveCfg = Debug|x86
		{498EC3C2-4030-4418-8CEC-484B4CBD798A}.Debug|Mixed Platforms.Build.0 = Debug|x86
		{498EC3C2-4030-4418-8CEC-484B4CBD798A}.Debug|x86.ActiveCfg = Debug|x86
		{498EC3C2-4030-4418-8CEC-484B4CBD798A}.Debug|x86.Build.0 = Debug|x86
		{498EC3C2-4030-4418-8CEC-484B4CBD798A}.Release|Any CPU.ActiveCfg = Release|x86
		{498EC3C2-4030-4418-8CEC-484B4CBD798A}.Release|Mixed Platforms.ActiveCfg = Release|x86
		{498EC3C2-4030-4418-8CEC-484B4CBD798A}.Release|Mixed Platforms.Build.0 = Release|x86
		{498EC3C2-4030-4418-8CEC-484B4CBD798A}.Release|x86.ActiveCfg = Release|x86
		{498EC3C2-4030-4418-8CEC-484B4CBD798A}.Release|x86.Build.0 = Release|x86
		{49E7D444-F991-41FC-8FD7-499372C5E207}.Debug|Any CPU.ActiveCfg = Debug|Any CPU
		{49E7D444-F991-41FC-8FD7-499372C5E207}.Debug|Any CPU.Build.0 = Debug|Any CPU
		{49E7D444-F991-41FC-8FD7-499372C5E207}.Debug|Mixed Platforms.ActiveCfg = Debug|Any CPU
		{49E7D444-F991-41FC-8FD7-499372C5E207}.Debug|Mixed Platforms.Build.0 = Debug|Any CPU
		{49E7D444-F991-41FC-8FD7-499372C5E207}.Debug|x86.ActiveCfg = Debug|x86
		{49E7D444-F991-41FC-8FD7-499372C5E207}.Debug|x86.Build.0 = Debug|x86
		{49E7D444-F991-41FC-8FD7-499372C5E207}.Release|Any CPU.ActiveCfg = Release|Any CPU
		{49E7D444-F991-41FC-8FD7-499372C5E207}.Release|Any CPU.Build.0 = Release|Any CPU
		{49E7D444-F991-41FC-8FD7-499372C5E207}.Release|Mixed Platforms.ActiveCfg = Release|Any CPU
		{49E7D444-F991-41FC-8FD7-499372C5E207}.Release|Mixed Platforms.Build.0 = Release|Any CPU
		{49E7D444-F991-41FC-8FD7-499372C5E207}.Release|x86.ActiveCfg = Release|Any CPU
		{58F07D5A-E86E-4561-88E8-F96744D59157}.Debug|Any CPU.ActiveCfg = Debug|Any CPU
		{58F07D5A-E86E-4561-88E8-F96744D59157}.Debug|Any CPU.Build.0 = Debug|Any CPU
		{58F07D5A-E86E-4561-88E8-F96744D59157}.Debug|Mixed Platforms.ActiveCfg = Debug|Any CPU
		{58F07D5A-E86E-4561-88E8-F96744D59157}.Debug|Mixed Platforms.Build.0 = Debug|Any CPU
		{58F07D5A-E86E-4561-88E8-F96744D59157}.Debug|x86.ActiveCfg = Debug|x86
		{58F07D5A-E86E-4561-88E8-F96744D59157}.Debug|x86.Build.0 = Debug|x86
		{58F07D5A-E86E-4561-88E8-F96744D59157}.Release|Any CPU.ActiveCfg = Release|Any CPU
		{58F07D5A-E86E-4561-88E8-F96744D59157}.Release|Any CPU.Build.0 = Release|Any CPU
		{58F07D5A-E86E-4561-88E8-F96744D59157}.Release|Mixed Platforms.ActiveCfg = Release|Any CPU
		{58F07D5A-E86E-4561-88E8-F96744D59157}.Release|Mixed Platforms.Build.0 = Release|Any CPU
		{58F07D5A-E86E-4561-88E8-F96744D59157}.Release|x86.ActiveCfg = Release|Any CPU
		{642D5815-4533-4146-96C1-D932FE1641F9}.Debug|Any CPU.ActiveCfg = Debug|Any CPU
		{642D5815-4533-4146-96C1-D932FE1641F9}.Debug|Any CPU.Build.0 = Debug|Any CPU
		{642D5815-4533-4146-96C1-D932FE1641F9}.Debug|Mixed Platforms.ActiveCfg = Debug|Any CPU
		{642D5815-4533-4146-96C1-D932FE1641F9}.Debug|Mixed Platforms.Build.0 = Debug|Any CPU
		{642D5815-4533-4146-96C1-D932FE1641F9}.Debug|x86.ActiveCfg = Debug|x86
		{642D5815-4533-4146-96C1-D932FE1641F9}.Debug|x86.Build.0 = Debug|x86
		{642D5815-4533-4146-96C1-D932FE1641F9}.Release|Any CPU.ActiveCfg = Release|Any CPU
		{642D5815-4533-4146-96C1-D932FE1641F9}.Release|Any CPU.Build.0 = Release|Any CPU
		{642D5815-4533-4146-96C1-D932FE1641F9}.Release|Mixed Platforms.ActiveCfg = Release|Any CPU
		{642D5815-4533-4146-96C1-D932FE1641F9}.Release|Mixed Platforms.Build.0 = Release|Any CPU
		{642D5815-4533-4146-96C1-D932FE1641F9}.Release|x86.ActiveCfg = Release|Any CPU
		{7264A1C4-AB4A-4437-B252-7379B98B5509}.Debug|Any CPU.ActiveCfg = Debug|Any CPU
		{7264A1C4-AB4A-4437-B252-7379B98B5509}.Debug|Any CPU.Build.0 = Debug|Any CPU
		{7264A1C4-AB4A-4437-B252-7379B98B5509}.Debug|Mixed Platforms.ActiveCfg = Debug|Any CPU
		{7264A1C4-AB4A-4437-B252-7379B98B5509}.Debug|Mixed Platforms.Build.0 = Debug|Any CPU
		{7264A1C4-AB4A-4437-B252-7379B98B5509}.Debug|x86.ActiveCfg = Debug|x86
		{7264A1C4-AB4A-4437-B252-7379B98B5509}.Debug|x86.Build.0 = Debug|x86
		{7264A1C4-AB4A-4437-B252-7379B98B5509}.Release|Any CPU.ActiveCfg = Release|Any CPU
		{7264A1C4-AB4A-4437-B252-7379B98B5509}.Release|Any CPU.Build.0 = Release|Any CPU
		{7264A1C4-AB4A-4437-B252-7379B98B5509}.Release|Mixed Platforms.ActiveCfg = Release|Any CPU
		{7264A1C4-AB4A-4437-B252-7379B98B5509}.Release|Mixed Platforms.Build.0 = Release|Any CPU
		{7264A1C4-AB4A-4437-B252-7379B98B5509}.Release|x86.ActiveCfg = Release|Any CPU
		{74591317-9179-43D8-83A3-FFBEEB57B92F}.Debug|Any CPU.ActiveCfg = Debug|Any CPU
		{74591317-9179-43D8-83A3-FFBEEB57B92F}.Debug|Any CPU.Build.0 = Debug|Any CPU
		{74591317-9179-43D8-83A3-FFBEEB57B92F}.Debug|Mixed Platforms.ActiveCfg = Debug|Any CPU
		{74591317-9179-43D8-83A3-FFBEEB57B92F}.Debug|Mixed Platforms.Build.0 = Debug|Any CPU
		{74591317-9179-43D8-83A3-FFBEEB57B92F}.Debug|x86.ActiveCfg = Debug|Any CPU
		{74591317-9179-43D8-83A3-FFBEEB57B92F}.Release|Any CPU.ActiveCfg = Release|Any CPU
		{74591317-9179-43D8-83A3-FFBEEB57B92F}.Release|Any CPU.Build.0 = Release|Any CPU
		{74591317-9179-43D8-83A3-FFBEEB57B92F}.Release|Mixed Platforms.ActiveCfg = Release|Any CPU
		{74591317-9179-43D8-83A3-FFBEEB57B92F}.Release|Mixed Platforms.Build.0 = Release|Any CPU
		{74591317-9179-43D8-83A3-FFBEEB57B92F}.Release|x86.ActiveCfg = Release|Any CPU
		{74FD2B9A-7400-4487-9401-CC78855C739C}.Debug|Any CPU.ActiveCfg = Debug|Any CPU
		{74FD2B9A-7400-4487-9401-CC78855C739C}.Debug|Any CPU.Build.0 = Debug|Any CPU
		{74FD2B9A-7400-4487-9401-CC78855C739C}.Debug|Mixed Platforms.ActiveCfg = Debug|Any CPU
		{74FD2B9A-7400-4487-9401-CC78855C739C}.Debug|Mixed Platforms.Build.0 = Debug|Any CPU
		{74FD2B9A-7400-4487-9401-CC78855C739C}.Debug|x86.ActiveCfg = Debug|x86
		{74FD2B9A-7400-4487-9401-CC78855C739C}.Debug|x86.Build.0 = Debug|x86
		{74FD2B9A-7400-4487-9401-CC78855C739C}.Release|Any CPU.ActiveCfg = Release|Any CPU
		{74FD2B9A-7400-4487-9401-CC78855C739C}.Release|Any CPU.Build.0 = Release|Any CPU
		{74FD2B9A-7400-4487-9401-CC78855C739C}.Release|Mixed Platforms.ActiveCfg = Release|Any CPU
		{74FD2B9A-7400-4487-9401-CC78855C739C}.Release|Mixed Platforms.Build.0 = Release|Any CPU
		{74FD2B9A-7400-4487-9401-CC78855C739C}.Release|x86.ActiveCfg = Release|Any CPU
		{7BDF74AC-83B5-4A8D-8007-09E51A808B7A}.Debug|Any CPU.ActiveCfg = Debug|Any CPU
		{7BDF74AC-83B5-4A8D-8007-09E51A808B7A}.Debug|Any CPU.Build.0 = Debug|Any CPU
		{7BDF74AC-83B5-4A8D-8007-09E51A808B7A}.Debug|Mixed Platforms.ActiveCfg = Debug|Any CPU
		{7BDF74AC-83B5-4A8D-8007-09E51A808B7A}.Debug|Mixed Platforms.Build.0 = Debug|Any CPU
		{7BDF74AC-83B5-4A8D-8007-09E51A808B7A}.Debug|x86.ActiveCfg = Debug|x86
		{7BDF74AC-83B5-4A8D-8007-09E51A808B7A}.Debug|x86.Build.0 = Debug|x86
		{7BDF74AC-83B5-4A8D-8007-09E51A808B7A}.Release|Any CPU.ActiveCfg = Release|Any CPU
		{7BDF74AC-83B5-4A8D-8007-09E51A808B7A}.Release|Any CPU.Build.0 = Release|Any CPU
		{7BDF74AC-83B5-4A8D-8007-09E51A808B7A}.Release|Mixed Platforms.ActiveCfg = Release|x86
		{7BDF74AC-83B5-4A8D-8007-09E51A808B7A}.Release|Mixed Platforms.Build.0 = Release|x86
		{7BDF74AC-83B5-4A8D-8007-09E51A808B7A}.Release|x86.ActiveCfg = Release|x86
		{7BDF74AC-83B5-4A8D-8007-09E51A808B7A}.Release|x86.Build.0 = Release|x86
		{8A458245-8176-4599-95CD-3CA39F2435CE}.Debug|Any CPU.ActiveCfg = Debug|Any CPU
		{8A458245-8176-4599-95CD-3CA39F2435CE}.Debug|Any CPU.Build.0 = Debug|Any CPU
		{8A458245-8176-4599-95CD-3CA39F2435CE}.Debug|Mixed Platforms.ActiveCfg = Debug|Any CPU
		{8A458245-8176-4599-95CD-3CA39F2435CE}.Debug|Mixed Platforms.Build.0 = Debug|Any CPU
		{8A458245-8176-4599-95CD-3CA39F2435CE}.Debug|x86.ActiveCfg = Debug|x86
		{8A458245-8176-4599-95CD-3CA39F2435CE}.Debug|x86.Build.0 = Debug|x86
		{8A458245-8176-4599-95CD-3CA39F2435CE}.Release|Any CPU.ActiveCfg = Release|Any CPU
		{8A458245-8176-4599-95CD-3CA39F2435CE}.Release|Any CPU.Build.0 = Release|Any CPU
		{8A458245-8176-4599-95CD-3CA39F2435CE}.Release|Mixed Platforms.ActiveCfg = Release|Any CPU
		{8A458245-8176-4599-95CD-3CA39F2435CE}.Release|Mixed Platforms.Build.0 = Release|Any CPU
		{8A458245-8176-4599-95CD-3CA39F2435CE}.Release|x86.ActiveCfg = Release|x86
		{8A458245-8176-4599-95CD-3CA39F2435CE}.Release|x86.Build.0 = Release|x86
		{8ABBB640-E22B-4D70-87EF-FABC143F586A}.Debug|Any CPU.ActiveCfg = Debug|x86
		{8ABBB640-E22B-4D70-87EF-FABC143F586A}.Debug|Mixed Platforms.ActiveCfg = Debug|x86
		{8ABBB640-E22B-4D70-87EF-FABC143F586A}.Debug|Mixed Platforms.Build.0 = Debug|x86
		{8ABBB640-E22B-4D70-87EF-FABC143F586A}.Debug|x86.ActiveCfg = Debug|x86
		{8ABBB640-E22B-4D70-87EF-FABC143F586A}.Debug|x86.Build.0 = Debug|x86
		{8ABBB640-E22B-4D70-87EF-FABC143F586A}.Release|Any CPU.ActiveCfg = Debug|x86
		{8ABBB640-E22B-4D70-87EF-FABC143F586A}.Release|Mixed Platforms.ActiveCfg = Debug|x86
		{8ABBB640-E22B-4D70-87EF-FABC143F586A}.Release|Mixed Platforms.Build.0 = Debug|x86
		{8ABBB640-E22B-4D70-87EF-FABC143F586A}.Release|x86.ActiveCfg = Debug|x86
		{8ABBB640-E22B-4D70-87EF-FABC143F586A}.Release|x86.Build.0 = Debug|x86
		{934D08FB-35DB-4481-A3C4-64F8AE5C8F51}.Debug|Any CPU.ActiveCfg = Debug|Any CPU
		{934D08FB-35DB-4481-A3C4-64F8AE5C8F51}.Debug|Any CPU.Build.0 = Debug|Any CPU
		{934D08FB-35DB-4481-A3C4-64F8AE5C8F51}.Debug|Mixed Platforms.ActiveCfg = Debug|Any CPU
		{934D08FB-35DB-4481-A3C4-64F8AE5C8F51}.Debug|Mixed Platforms.Build.0 = Debug|Any CPU
		{934D08FB-35DB-4481-A3C4-64F8AE5C8F51}.Debug|x86.ActiveCfg = Debug|x86
		{934D08FB-35DB-4481-A3C4-64F8AE5C8F51}.Debug|x86.Build.0 = Debug|x86
		{934D08FB-35DB-4481-A3C4-64F8AE5C8F51}.Release|Any CPU.ActiveCfg = Release|Any CPU
		{934D08FB-35DB-4481-A3C4-64F8AE5C8F51}.Release|Any CPU.Build.0 = Release|Any CPU
		{934D08FB-35DB-4481-A3C4-64F8AE5C8F51}.Release|Mixed Platforms.ActiveCfg = Release|x86
		{934D08FB-35DB-4481-A3C4-64F8AE5C8F51}.Release|Mixed Platforms.Build.0 = Release|x86
		{934D08FB-35DB-4481-A3C4-64F8AE5C8F51}.Release|x86.ActiveCfg = Release|x86
		{934D08FB-35DB-4481-A3C4-64F8AE5C8F51}.Release|x86.Build.0 = Release|x86
		{A6933395-45D0-40AA-820C-3716746F6141}.Debug|Any CPU.ActiveCfg = Debug|Any CPU
		{A6933395-45D0-40AA-820C-3716746F6141}.Debug|Any CPU.Build.0 = Debug|Any CPU
		{A6933395-45D0-40AA-820C-3716746F6141}.Debug|Mixed Platforms.ActiveCfg = Debug|Any CPU
		{A6933395-45D0-40AA-820C-3716746F6141}.Debug|Mixed Platforms.Build.0 = Debug|Any CPU
		{A6933395-45D0-40AA-820C-3716746F6141}.Debug|x86.ActiveCfg = Debug|x86
		{A6933395-45D0-40AA-820C-3716746F6141}.Debug|x86.Build.0 = Debug|x86
		{A6933395-45D0-40AA-820C-3716746F6141}.Release|Any CPU.ActiveCfg = Release|Any CPU
		{A6933395-45D0-40AA-820C-3716746F6141}.Release|Any CPU.Build.0 = Release|Any CPU
		{A6933395-45D0-40AA-820C-3716746F6141}.Release|Mixed Platforms.ActiveCfg = Release|x86
		{A6933395-45D0-40AA-820C-3716746F6141}.Release|Mixed Platforms.Build.0 = Release|x86
		{A6933395-45D0-40AA-820C-3716746F6141}.Release|x86.ActiveCfg = Release|x86
		{A6933395-45D0-40AA-820C-3716746F6141}.Release|x86.Build.0 = Release|x86
		{ADDEEFA0-B802-4E5F-8824-D72D5190D2EA}.Debug|Any CPU.ActiveCfg = Debug|Any CPU
		{ADDEEFA0-B802-4E5F-8824-D72D5190D2EA}.Debug|Any CPU.Build.0 = Debug|Any CPU
		{ADDEEFA0-B802-4E5F-8824-D72D5190D2EA}.Debug|Mixed Platforms.ActiveCfg = Debug|Any CPU
		{ADDEEFA0-B802-4E5F-8824-D72D5190D2EA}.Debug|Mixed Platforms.Build.0 = Debug|Any CPU
		{ADDEEFA0-B802-4E5F-8824-D72D5190D2EA}.Debug|x86.ActiveCfg = Debug|Any CPU
		{ADDEEFA0-B802-4E5F-8824-D72D5190D2EA}.Debug|x86.Build.0 = Debug|Any CPU
		{ADDEEFA0-B802-4E5F-8824-D72D5190D2EA}.Release|Any CPU.ActiveCfg = Release|Any CPU
		{ADDEEFA0-B802-4E5F-8824-D72D5190D2EA}.Release|Any CPU.Build.0 = Release|Any CPU
		{ADDEEFA0-B802-4E5F-8824-D72D5190D2EA}.Release|Mixed Platforms.ActiveCfg = Release|Any CPU
		{ADDEEFA0-B802-4E5F-8824-D72D5190D2EA}.Release|Mixed Platforms.Build.0 = Release|Any CPU
		{ADDEEFA0-B802-4E5F-8824-D72D5190D2EA}.Release|x86.ActiveCfg = Release|Any CPU
		{ADDEEFA0-B802-4E5F-8824-D72D5190D2EA}.Release|x86.Build.0 = Release|Any CPU
		{BD3C4687-9A79-415C-A882-0B7C6248E2AF}.Debug|Any CPU.ActiveCfg = Debug|Any CPU
		{BD3C4687-9A79-415C-A882-0B7C6248E2AF}.Debug|Any CPU.Build.0 = Debug|Any CPU
		{BD3C4687-9A79-415C-A882-0B7C6248E2AF}.Debug|Mixed Platforms.ActiveCfg = Debug|Any CPU
		{BD3C4687-9A79-415C-A882-0B7C6248E2AF}.Debug|Mixed Platforms.Build.0 = Debug|Any CPU
		{BD3C4687-9A79-415C-A882-0B7C6248E2AF}.Debug|x86.ActiveCfg = Debug|x86
		{BD3C4687-9A79-415C-A882-0B7C6248E2AF}.Debug|x86.Build.0 = Debug|x86
		{BD3C4687-9A79-415C-A882-0B7C6248E2AF}.Release|Any CPU.ActiveCfg = Release|Any CPU
		{BD3C4687-9A79-415C-A882-0B7C6248E2AF}.Release|Any CPU.Build.0 = Release|Any CPU
		{BD3C4687-9A79-415C-A882-0B7C6248E2AF}.Release|Mixed Platforms.ActiveCfg = Release|Any CPU
		{BD3C4687-9A79-415C-A882-0B7C6248E2AF}.Release|Mixed Platforms.Build.0 = Release|Any CPU
		{BD3C4687-9A79-415C-A882-0B7C6248E2AF}.Release|x86.ActiveCfg = Release|Any CPU
		{C5966454-0813-47E9-A652-05E3CD35E2E0}.Debug|Any CPU.ActiveCfg = Debug|Any CPU
		{C5966454-0813-47E9-A652-05E3CD35E2E0}.Debug|Any CPU.Build.0 = Debug|Any CPU
		{C5966454-0813-47E9-A652-05E3CD35E2E0}.Debug|Mixed Platforms.ActiveCfg = Debug|Any CPU
		{C5966454-0813-47E9-A652-05E3CD35E2E0}.Debug|Mixed Platforms.Build.0 = Debug|Any CPU
		{C5966454-0813-47E9-A652-05E3CD35E2E0}.Debug|x86.ActiveCfg = Debug|x86
		{C5966454-0813-47E9-A652-05E3CD35E2E0}.Debug|x86.Build.0 = Debug|x86
		{C5966454-0813-47E9-A652-05E3CD35E2E0}.Release|Any CPU.ActiveCfg = Release|Any CPU
		{C5966454-0813-47E9-A652-05E3CD35E2E0}.Release|Any CPU.Build.0 = Release|Any CPU
		{C5966454-0813-47E9-A652-05E3CD35E2E0}.Release|Mixed Platforms.ActiveCfg = Release|Any CPU
		{C5966454-0813-47E9-A652-05E3CD35E2E0}.Release|Mixed Platforms.Build.0 = Release|Any CPU
		{C5966454-0813-47E9-A652-05E3CD35E2E0}.Release|x86.ActiveCfg = Release|Any CPU
		{C9F2A7E0-D469-4FA2-96FD-9281A60FD5FC}.Debug|Any CPU.ActiveCfg = Debug|Any CPU
		{C9F2A7E0-D469-4FA2-96FD-9281A60FD5FC}.Debug|Any CPU.Build.0 = Debug|Any CPU
		{C9F2A7E0-D469-4FA2-96FD-9281A60FD5FC}.Debug|Mixed Platforms.ActiveCfg = Debug|Any CPU
		{C9F2A7E0-D469-4FA2-96FD-9281A60FD5FC}.Debug|Mixed Platforms.Build.0 = Debug|Any CPU
		{C9F2A7E0-D469-4FA2-96FD-9281A60FD5FC}.Debug|x86.ActiveCfg = Debug|x86
		{C9F2A7E0-D469-4FA2-96FD-9281A60FD5FC}.Debug|x86.Build.0 = Debug|x86
		{C9F2A7E0-D469-4FA2-96FD-9281A60FD5FC}.Release|Any CPU.ActiveCfg = Release|Any CPU
		{C9F2A7E0-D469-4FA2-96FD-9281A60FD5FC}.Release|Any CPU.Build.0 = Release|Any CPU
		{C9F2A7E0-D469-4FA2-96FD-9281A60FD5FC}.Release|Mixed Platforms.ActiveCfg = Release|Any CPU
		{C9F2A7E0-D469-4FA2-96FD-9281A60FD5FC}.Release|Mixed Platforms.Build.0 = Release|Any CPU
		{C9F2A7E0-D469-4FA2-96FD-9281A60FD5FC}.Release|x86.ActiveCfg = Release|Any CPU
		{CF2ECC59-A2ED-48BF-9F50-5FA88A812D91}.Debug|Any CPU.ActiveCfg = Debug|Any CPU
		{CF2ECC59-A2ED-48BF-9F50-5FA88A812D91}.Debug|Any CPU.Build.0 = Debug|Any CPU
		{CF2ECC59-A2ED-48BF-9F50-5FA88A812D91}.Debug|Mixed Platforms.ActiveCfg = Debug|Any CPU
		{CF2ECC59-A2ED-48BF-9F50-5FA88A812D91}.Debug|Mixed Platforms.Build.0 = Debug|Any CPU
		{CF2ECC59-A2ED-48BF-9F50-5FA88A812D91}.Debug|x86.ActiveCfg = Debug|Any CPU
		{CF2ECC59-A2ED-48BF-9F50-5FA88A812D91}.Debug|x86.Build.0 = Debug|Any CPU
		{CF2ECC59-A2ED-48BF-9F50-5FA88A812D91}.Release|Any CPU.ActiveCfg = Release|Any CPU
		{CF2ECC59-A2ED-48BF-9F50-5FA88A812D91}.Release|Any CPU.Build.0 = Release|Any CPU
		{CF2ECC59-A2ED-48BF-9F50-5FA88A812D91}.Release|Mixed Platforms.ActiveCfg = Release|Any CPU
		{CF2ECC59-A2ED-48BF-9F50-5FA88A812D91}.Release|Mixed Platforms.Build.0 = Release|Any CPU
		{CF2ECC59-A2ED-48BF-9F50-5FA88A812D91}.Release|x86.ActiveCfg = Release|Any CPU
		{D8BB61DB-E058-4B25-A8EC-3824DC514F90}.Debug|Any CPU.ActiveCfg = Debug|Any CPU
		{D8BB61DB-E058-4B25-A8EC-3824DC514F90}.Debug|Any CPU.Build.0 = Debug|Any CPU
		{D8BB61DB-E058-4B25-A8EC-3824DC514F90}.Debug|Mixed Platforms.ActiveCfg = Debug|Any CPU
		{D8BB61DB-E058-4B25-A8EC-3824DC514F90}.Debug|Mixed Platforms.Build.0 = Debug|Any CPU
		{D8BB61DB-E058-4B25-A8EC-3824DC514F90}.Debug|x86.ActiveCfg = Debug|Any CPU
		{D8BB61DB-E058-4B25-A8EC-3824DC514F90}.Debug|x86.Build.0 = Debug|Any CPU
		{D8BB61DB-E058-4B25-A8EC-3824DC514F90}.Release|Any CPU.ActiveCfg = Release|Any CPU
		{D8BB61DB-E058-4B25-A8EC-3824DC514F90}.Release|Any CPU.Build.0 = Release|Any CPU
		{D8BB61DB-E058-4B25-A8EC-3824DC514F90}.Release|Mixed Platforms.ActiveCfg = Release|Any CPU
		{D8BB61DB-E058-4B25-A8EC-3824DC514F90}.Release|Mixed Platforms.Build.0 = Release|Any CPU
		{D8BB61DB-E058-4B25-A8EC-3824DC514F90}.Release|x86.ActiveCfg = Release|Any CPU
		{D8BB61DB-E058-4B25-A8EC-3824DC514F90}.Release|x86.Build.0 = Release|Any CPU
		{DDF5D740-6EE1-44BA-9DB9-782BF23E28D6}.Debug|Any CPU.ActiveCfg = Debug|Any CPU
		{DDF5D740-6EE1-44BA-9DB9-782BF23E28D6}.Debug|Any CPU.Build.0 = Debug|Any CPU
		{DDF5D740-6EE1-44BA-9DB9-782BF23E28D6}.Debug|Mixed Platforms.ActiveCfg = Debug|Any CPU
		{DDF5D740-6EE1-44BA-9DB9-782BF23E28D6}.Debug|Mixed Platforms.Build.0 = Debug|Any CPU
		{DDF5D740-6EE1-44BA-9DB9-782BF23E28D6}.Debug|x86.ActiveCfg = Debug|x86
		{DDF5D740-6EE1-44BA-9DB9-782BF23E28D6}.Debug|x86.Build.0 = Debug|x86
		{DDF5D740-6EE1-44BA-9DB9-782BF23E28D6}.Release|Any CPU.ActiveCfg = Release|Any CPU
		{DDF5D740-6EE1-44BA-9DB9-782BF23E28D6}.Release|Any CPU.Build.0 = Release|Any CPU
		{DDF5D740-6EE1-44BA-9DB9-782BF23E28D6}.Release|Mixed Platforms.ActiveCfg = Release|Any CPU
		{DDF5D740-6EE1-44BA-9DB9-782BF23E28D6}.Release|Mixed Platforms.Build.0 = Release|Any CPU
		{DDF5D740-6EE1-44BA-9DB9-782BF23E28D6}.Release|x86.ActiveCfg = Release|Any CPU
		{DF7D4601-0061-4329-9803-6917AF416B70}.Debug|Any CPU.ActiveCfg = Debug|Any CPU
		{DF7D4601-0061-4329-9803-6917AF416B70}.Debug|Any CPU.Build.0 = Debug|Any CPU
		{DF7D4601-0061-4329-9803-6917AF416B70}.Debug|Mixed Platforms.ActiveCfg = Debug|Any CPU
		{DF7D4601-0061-4329-9803-6917AF416B70}.Debug|Mixed Platforms.Build.0 = Debug|Any CPU
		{DF7D4601-0061-4329-9803-6917AF416B70}.Debug|x86.ActiveCfg = Debug|x86
		{DF7D4601-0061-4329-9803-6917AF416B70}.Debug|x86.Build.0 = Debug|x86
		{DF7D4601-0061-4329-9803-6917AF416B70}.Release|Any CPU.ActiveCfg = Release|Any CPU
		{DF7D4601-0061-4329-9803-6917AF416B70}.Release|Any CPU.Build.0 = Release|Any CPU
		{DF7D4601-0061-4329-9803-6917AF416B70}.Release|Mixed Platforms.ActiveCfg = Release|Any CPU
		{DF7D4601-0061-4329-9803-6917AF416B70}.Release|Mixed Platforms.Build.0 = Release|Any CPU
		{DF7D4601-0061-4329-9803-6917AF416B70}.Release|x86.ActiveCfg = Release|x86
		{DF7D4601-0061-4329-9803-6917AF416B70}.Release|x86.Build.0 = Release|x86
		{EDCFB186-0C67-4771-8033-8572A0744B2C}.Debug|Any CPU.ActiveCfg = Debug|Any CPU
		{EDCFB186-0C67-4771-8033-8572A0744B2C}.Debug|Any CPU.Build.0 = Debug|Any CPU
		{EDCFB186-0C67-4771-8033-8572A0744B2C}.Debug|Mixed Platforms.ActiveCfg = Debug|Any CPU
		{EDCFB186-0C67-4771-8033-8572A0744B2C}.Debug|Mixed Platforms.Build.0 = Debug|Any CPU
		{EDCFB186-0C67-4771-8033-8572A0744B2C}.Debug|x86.ActiveCfg = Debug|x86
		{EDCFB186-0C67-4771-8033-8572A0744B2C}.Debug|x86.Build.0 = Debug|x86
		{EDCFB186-0C67-4771-8033-8572A0744B2C}.Release|Any CPU.ActiveCfg = Release|Any CPU
		{EDCFB186-0C67-4771-8033-8572A0744B2C}.Release|Any CPU.Build.0 = Release|Any CPU
		{EDCFB186-0C67-4771-8033-8572A0744B2C}.Release|Mixed Platforms.ActiveCfg = Release|x86
		{EDCFB186-0C67-4771-8033-8572A0744B2C}.Release|Mixed Platforms.Build.0 = Release|x86
		{EDCFB186-0C67-4771-8033-8572A0744B2C}.Release|x86.ActiveCfg = Release|x86
		{EDCFB186-0C67-4771-8033-8572A0744B2C}.Release|x86.Build.0 = Release|x86
		{FE9A9DF1-16D8-4A24-8978-D4F2E540F039}.Debug|Any CPU.ActiveCfg = Debug|Any CPU
		{FE9A9DF1-16D8-4A24-8978-D4F2E540F039}.Debug|Any CPU.Build.0 = Debug|Any CPU
		{FE9A9DF1-16D8-4A24-8978-D4F2E540F039}.Debug|Mixed Platforms.ActiveCfg = Debug|Any CPU
		{FE9A9DF1-16D8-4A24-8978-D4F2E540F039}.Debug|Mixed Platforms.Build.0 = Debug|Any CPU
		{FE9A9DF1-16D8-4A24-8978-D4F2E540F039}.Debug|x86.ActiveCfg = Debug|x86
		{FE9A9DF1-16D8-4A24-8978-D4F2E540F039}.Debug|x86.Build.0 = Debug|x86
		{FE9A9DF1-16D8-4A24-8978-D4F2E540F039}.Release|Any CPU.ActiveCfg = Release|Any CPU
		{FE9A9DF1-16D8-4A24-8978-D4F2E540F039}.Release|Any CPU.Build.0 = Release|Any CPU
		{FE9A9DF1-16D8-4A24-8978-D4F2E540F039}.Release|Mixed Platforms.ActiveCfg = Release|Any CPU
		{FE9A9DF1-16D8-4A24-8978-D4F2E540F039}.Release|Mixed Platforms.Build.0 = Release|Any CPU
		{FE9A9DF1-16D8-4A24-8978-D4F2E540F039}.Release|x86.ActiveCfg = Release|Any CPU
	EndGlobalSection
	GlobalSection(NestedProjects) = preSolution
		{DDF5D740-6EE1-44BA-9DB9-782BF23E28D6} = {067C85F0-593F-4A65-A45B-68039284257B}
		{7264A1C4-AB4A-4437-B252-7379B98B5509} = {067C85F0-593F-4A65-A45B-68039284257B}
		{74FD2B9A-7400-4487-9401-CC78855C739C} = {067C85F0-593F-4A65-A45B-68039284257B}
		{2337776D-7D0C-40AA-A439-C26C3CE24FAB} = {067C85F0-593F-4A65-A45B-68039284257B}
		{34459283-FB15-4812-AB17-6674B1E1615D} = {D4ED81FD-AA4A-4866-BD6E-117C6BEBBB0F}
		{A6933395-45D0-40AA-820C-3716746F6141} = {D4ED81FD-AA4A-4866-BD6E-117C6BEBBB0F}
		{8A458245-8176-4599-95CD-3CA39F2435CE} = {D4ED81FD-AA4A-4866-BD6E-117C6BEBBB0F}
		{934D08FB-35DB-4481-A3C4-64F8AE5C8F51} = {D4ED81FD-AA4A-4866-BD6E-117C6BEBBB0F}
		{498EC3C2-4030-4418-8CEC-484B4CBD798A} = {D4ED81FD-AA4A-4866-BD6E-117C6BEBBB0F}
	EndGlobalSection
	GlobalSection(MonoDevelopProperties) = preSolution
		StartupItem = TychaiaWorldGenViewer\TychaiaWorldGenViewer.csproj
		Policies = $0
		$0.TextStylePolicy = $1
		$1.EolMarker = Unix
		$1.inheritsSet = VisualStudio
		$1.inheritsScope = text/plain
		$1.scope = text/plain
		$0.CSharpFormattingPolicy = $2
		$2.IndentSwitchBody = True
		$2.AnonymousMethodBraceStyle = NextLine
		$2.PropertyBraceStyle = NextLine
		$2.PropertyGetBraceStyle = NextLine
		$2.PropertySetBraceStyle = NextLine
		$2.EventBraceStyle = NextLine
		$2.EventAddBraceStyle = NextLine
		$2.EventRemoveBraceStyle = NextLine
		$2.StatementBraceStyle = NextLine
		$2.ArrayInitializerBraceStyle = NextLine
		$2.BeforeMethodDeclarationParentheses = False
		$2.BeforeMethodCallParentheses = False
		$2.BeforeConstructorDeclarationParentheses = False
		$2.BeforeDelegateDeclarationParentheses = False
		$2.NewParentheses = False
		$2.SpacesBeforeBrackets = False
		$2.inheritsSet = Mono
		$2.inheritsScope = text/x-csharp
		$2.scope = text/x-csharp
		$0.DotNetNamingPolicy = $3
		$3.DirectoryNamespaceAssociation = PrefixedHierarchical
		$3.ResourceNamePolicy = FileName
		$0.TextStylePolicy = $4
		$4.EolMarker = Unix
		$4.inheritsSet = VisualStudio
		$4.inheritsScope = text/plain
		$4.scope = application/xml
		$0.XmlFormattingPolicy = $5
		$5.inheritsSet = Mono
		$5.inheritsScope = application/xml
		$5.scope = application/xml
		$0.TextStylePolicy = $6
		$6.EolMarker = Unix
		$6.inheritsSet = VisualStudio
		$6.inheritsScope = text/plain
		$6.scope = text/x-csharp
		$0.StandardHeader = $7
		$7.Text = @\nThis source code is licensed in accordance with the licensing outlined\non the main Tychaia website (www.tychaia.com).  Changes to the\nlicense on the website apply retroactively.\n
		$7.IncludeInNewFiles = True
		$0.NameConventionPolicy = $8
		$8.Rules = $9
		$9.NamingRule = $10
		$10.Name = Namespaces
		$10.AffectedEntity = Namespace
		$10.VisibilityMask = VisibilityMask
		$10.NamingStyle = PascalCase
		$10.IncludeInstanceMembers = True
		$10.IncludeStaticEntities = True
		$9.NamingRule = $11
		$11.Name = Types
		$11.AffectedEntity = Class, Struct, Enum, Delegate
		$11.VisibilityMask = VisibilityMask
		$11.NamingStyle = PascalCase
		$11.IncludeInstanceMembers = True
		$11.IncludeStaticEntities = True
		$9.NamingRule = $12
		$12.Name = Interfaces
		$12.RequiredPrefixes = $13
		$13.String = I
		$12.AffectedEntity = Interface
		$12.VisibilityMask = VisibilityMask
		$12.NamingStyle = PascalCase
		$12.IncludeInstanceMembers = True
		$12.IncludeStaticEntities = True
		$9.NamingRule = $14
		$14.Name = Attributes
		$14.RequiredSuffixes = $15
		$15.String = Attribute
		$14.AffectedEntity = CustomAttributes
		$14.VisibilityMask = VisibilityMask
		$14.NamingStyle = PascalCase
		$14.IncludeInstanceMembers = True
		$14.IncludeStaticEntities = True
		$9.NamingRule = $16
		$16.Name = Event Arguments
		$16.RequiredSuffixes = $17
		$17.String = EventArgs
		$16.AffectedEntity = CustomEventArgs
		$16.VisibilityMask = VisibilityMask
		$16.NamingStyle = PascalCase
		$16.IncludeInstanceMembers = True
		$16.IncludeStaticEntities = True
		$9.NamingRule = $18
		$18.Name = Exceptions
		$18.RequiredSuffixes = $19
		$19.String = Exception
		$18.AffectedEntity = CustomExceptions
		$18.VisibilityMask = VisibilityMask
		$18.NamingStyle = PascalCase
		$18.IncludeInstanceMembers = True
		$18.IncludeStaticEntities = True
		$9.NamingRule = $20
		$20.Name = Methods
		$20.AffectedEntity = Methods
		$20.VisibilityMask = VisibilityMask
		$20.NamingStyle = PascalCase
		$20.IncludeInstanceMembers = True
		$20.IncludeStaticEntities = True
		$9.NamingRule = $21
		$21.Name = Static Readonly Fields
		$21.AffectedEntity = ReadonlyField
		$21.VisibilityMask = Internal, Protected, Public
		$21.NamingStyle = PascalCase
		$21.IncludeInstanceMembers = False
		$21.IncludeStaticEntities = True
		$9.NamingRule = $22
		$22.Name = Fields (Non Private)
		$22.AffectedEntity = Field
		$22.VisibilityMask = Internal, Protected, Public
		$22.NamingStyle = PascalCase
		$22.IncludeInstanceMembers = True
		$22.IncludeStaticEntities = True
		$9.NamingRule = $23
		$23.Name = ReadOnly Fields (Non Private)
		$23.AffectedEntity = ReadonlyField
		$23.VisibilityMask = Internal, Protected, Public
		$23.NamingStyle = PascalCase
		$23.IncludeInstanceMembers = True
		$23.IncludeStaticEntities = False
		$9.NamingRule = $24
		$24.Name = Fields (Private)
		$24.RequiredPrefixes = $25
		$25.String = m_
		$24.AffectedEntity = Field, ReadonlyField
		$24.VisibilityMask = Private
		$24.NamingStyle = PascalCase
		$24.IncludeInstanceMembers = True
		$24.IncludeStaticEntities = False
		$9.NamingRule = $26
		$26.Name = Static Fields (Private)
		$26.RequiredPrefixes = $27
		$27.String = m_
		$26.AffectedEntity = Field
		$26.VisibilityMask = Private
		$26.NamingStyle = PascalCase
		$26.IncludeInstanceMembers = False
		$26.IncludeStaticEntities = True
		$9.NamingRule = $28
		$28.Name = ReadOnly Fields (Private)
		$28.RequiredPrefixes = $29
		$29.String = m_
		$28.AffectedEntity = ReadonlyField
		$28.VisibilityMask = Private
		$28.NamingStyle = PascalCase
		$28.IncludeInstanceMembers = True
		$28.IncludeStaticEntities = False
		$9.NamingRule = $30
		$30.Name = Constant Fields
		$30.AffectedEntity = ConstantField
		$30.VisibilityMask = VisibilityMask
		$30.NamingStyle = PascalCase
		$30.IncludeInstanceMembers = True
		$30.IncludeStaticEntities = True
		$9.NamingRule = $31
		$31.Name = Properties
		$31.AffectedEntity = Property
		$31.VisibilityMask = VisibilityMask
		$31.NamingStyle = PascalCase
		$31.IncludeInstanceMembers = True
		$31.IncludeStaticEntities = True
		$9.NamingRule = $32
		$32.Name = Events
		$32.AffectedEntity = Event
		$32.VisibilityMask = VisibilityMask
		$32.NamingStyle = PascalCase
		$32.IncludeInstanceMembers = True
		$32.IncludeStaticEntities = True
		$9.NamingRule = $33
		$33.Name = Enum Members
		$33.AffectedEntity = EnumMember
		$33.VisibilityMask = VisibilityMask
		$33.NamingStyle = PascalCase
		$33.IncludeInstanceMembers = True
		$33.IncludeStaticEntities = True
		$9.NamingRule = $34
		$34.Name = Parameters
		$34.AffectedEntity = Parameter
		$34.VisibilityMask = VisibilityMask
		$34.NamingStyle = CamelCase
		$34.IncludeInstanceMembers = True
		$34.IncludeStaticEntities = True
		$9.NamingRule = $35
		$35.Name = Type Parameters
		$35.RequiredPrefixes = $36
		$36.String = T
		$35.AffectedEntity = TypeParameter
		$35.VisibilityMask = VisibilityMask
		$35.NamingStyle = PascalCase
		$35.IncludeInstanceMembers = True
		$35.IncludeStaticEntities = True
		$0.VersionControlPolicy = $37
		$37.CommitMessageStyle = $38
		$38.IncludeDirectoryPaths = True
		$37.inheritsSet = Mono
		$0.ChangeLogPolicy = $39
		$39.UpdateMode = ProjectRoot
		$39.VcsIntegration = RequireEntry
		$39.inheritsSet = Mono
	EndGlobalSection
	GlobalSection(TestCaseManagementSettings) = postSolution
		CategoryFile = Tychaia.vsmdi
	EndGlobalSection
	GlobalSection(SolutionProperties) = preSolution
		HideSolutionNode = FALSE
	EndGlobalSection
EndGlobal
